// !$*UTF8*$!
{
	archiveVersion = 1;
	classes = {
	};
	objectVersion = 45;
	objects = {

/* Begin PBXBuildFile section */
		0C35D868118B657F0013DDFD /* IGKAnnotationManager.h in Headers */ = {isa = PBXBuildFile; fileRef = 0C35D866118B657F0013DDFD /* IGKAnnotationManager.h */; };
		0C35D869118B657F0013DDFD /* IGKAnnotationManager.m in Sources */ = {isa = PBXBuildFile; fileRef = 0C35D867118B657F0013DDFD /* IGKAnnotationManager.m */; };
		0C35D86E118B65920013DDFD /* IGKAnnotation.h in Headers */ = {isa = PBXBuildFile; fileRef = 0C35D86C118B65920013DDFD /* IGKAnnotation.h */; };
		0C35D86F118B65920013DDFD /* IGKAnnotation.m in Sources */ = {isa = PBXBuildFile; fileRef = 0C35D86D118B65920013DDFD /* IGKAnnotation.m */; };
		0C402C161191C691001564B5 /* NSString+Utilities.m in Sources */ = {isa = PBXBuildFile; fileRef = 0C402C151191C691001564B5 /* NSString+Utilities.m */; };
		0C7C02E6110E000800412666 /* XBNewSourceListCell.h in Headers */ = {isa = PBXBuildFile; fileRef = 0C7C02E4110E000800412666 /* XBNewSourceListCell.h */; };
		0C7C02E7110E000800412666 /* XBNewSourceListCell.m in Sources */ = {isa = PBXBuildFile; fileRef = 0C7C02E5110E000800412666 /* XBNewSourceListCell.m */; };
		0C7C02ED110E006000412666 /* CHSymbolButtonImage.h in Headers */ = {isa = PBXBuildFile; fileRef = 0C7C02EB110E006000412666 /* CHSymbolButtonImage.h */; };
		0C7C02EE110E006000412666 /* CHSymbolButtonImage.m in Sources */ = {isa = PBXBuildFile; fileRef = 0C7C02EC110E006000412666 /* CHSymbolButtonImage.m */; };
		7507CF4511598197008449DE /* IGKPredicateEditor.h in Headers */ = {isa = PBXBuildFile; fileRef = 7507CF4311598197008449DE /* IGKPredicateEditor.h */; };
		7507CF4611598197008449DE /* IGKPredicateEditor.m in Sources */ = {isa = PBXBuildFile; fileRef = 7507CF4411598197008449DE /* IGKPredicateEditor.m */; };
		750DFBCF114671CC004C5D08 /* IGKMattePopUpButton.m in Sources */ = {isa = PBXBuildFile; fileRef = 750DFBCE114671CC004C5D08 /* IGKMattePopUpButton.m */; };
		75195FBA116D49B00034590C /* IGKManagedObject.h in Headers */ = {isa = PBXBuildFile; fileRef = 75195FB8116D49B00034590C /* IGKManagedObject.h */; };
		75195FBB116D49B00034590C /* IGKManagedObject.m in Sources */ = {isa = PBXBuildFile; fileRef = 75195FB9116D49B00034590C /* IGKManagedObject.m */; };
		751D2AD21126E4A100403E64 /* IGKArrayController.h in Headers */ = {isa = PBXBuildFile; fileRef = 751D2AD01126E4A100403E64 /* IGKArrayController.h */; };
		751D2AD31126E4A100403E64 /* IGKArrayController.m in Sources */ = {isa = PBXBuildFile; fileRef = 751D2AD11126E4A100403E64 /* IGKArrayController.m */; };
		751D2D181126F1F400403E64 /* no_selection.html in Resources */ = {isa = PBXBuildFile; fileRef = 751D2D171126F1F400403E64 /* no_selection.html */; };
		751D2DC01127340700403E64 /* IGKNoSelectionInnerView.h in Headers */ = {isa = PBXBuildFile; fileRef = 751D2DBE1127340700403E64 /* IGKNoSelectionInnerView.h */; };
		751D2DC11127340700403E64 /* IGKNoSelectionInnerView.m in Sources */ = {isa = PBXBuildFile; fileRef = 751D2DBF1127340700403E64 /* IGKNoSelectionInnerView.m */; };
		751D2DC91127354E00403E64 /* IGKNoSelectionOuterView.h in Headers */ = {isa = PBXBuildFile; fileRef = 751D2DC71127354E00403E64 /* IGKNoSelectionOuterView.h */; };
		751D2DCA1127354E00403E64 /* IGKNoSelectionOuterView.m in Sources */ = {isa = PBXBuildFile; fileRef = 751D2DC81127354E00403E64 /* IGKNoSelectionOuterView.m */; };
		751E45D61125E6CE00CD544A /* tictactoe_style.css in Resources */ = {isa = PBXBuildFile; fileRef = 751E45D51125E6CE00CD544A /* tictactoe_style.css */; };
		752321CA1179DE5400BAEA90 /* IGKBackgroundProgressBar.h in Headers */ = {isa = PBXBuildFile; fileRef = 752321C81179DE5400BAEA90 /* IGKBackgroundProgressBar.h */; };
		752321CB1179DE5400BAEA90 /* IGKBackgroundProgressBar.m in Sources */ = {isa = PBXBuildFile; fileRef = 752321C91179DE5400BAEA90 /* IGKBackgroundProgressBar.m */; };
		754AA3FA1140267300321EAF /* AnthillBugReporter.m in Sources */ = {isa = PBXBuildFile; fileRef = 754AA3F91140267300321EAF /* AnthillBugReporter.m */; };
		754AA3FC1140267D00321EAF /* AnthillReporter.nib in Resources */ = {isa = PBXBuildFile; fileRef = 754AA3FB1140267D00321EAF /* AnthillReporter.nib */; };
		755F427E112323C600AA16F5 /* tictactoe.html in Resources */ = {isa = PBXBuildFile; fileRef = 755F427D112323C600AA16F5 /* tictactoe.html */; };
		755F42AF112326E700AA16F5 /* sourcelist_indexing_wallpaper.png in Resources */ = {isa = PBXBuildFile; fileRef = 755F42AE112326E700AA16F5 /* sourcelist_indexing_wallpaper.png */; };
		755F42CA1123283A00AA16F5 /* IGKSourceListWallpaperView.m in Sources */ = {isa = PBXBuildFile; fileRef = 755F42B31123270700AA16F5 /* IGKSourceListWallpaperView.m */; };
		755F435C11232C0E00AA16F5 /* NSShadow+MCAdditions.m in Sources */ = {isa = PBXBuildFile; fileRef = 755F432311232B2F00AA16F5 /* NSShadow+MCAdditions.m */; };
		755F435D11232C1200AA16F5 /* NSBezierPath+MCAdditions.m in Sources */ = {isa = PBXBuildFile; fileRef = 755F432111232B2F00AA16F5 /* NSBezierPath+MCAdditions.m */; };
		755F438111232DA800AA16F5 /* IGKLaunchController.m in Sources */ = {isa = PBXBuildFile; fileRef = 755F437911232C9500AA16F5 /* IGKLaunchController.m */; };
		756D7A8D1145BB11001C05D7 /* Ingredients.sdef in Resources */ = {isa = PBXBuildFile; fileRef = 756D7A8A1145BB11001C05D7 /* Ingredients.sdef */; };
		756D7A8E1145BB11001C05D7 /* IngredientsCommand.m in Sources */ = {isa = PBXBuildFile; fileRef = 756D7A8C1145BB11001C05D7 /* IngredientsCommand.m */; };
		756F9D4E110BA94500E6F291 /* Cocoa.framework in Frameworks */ = {isa = PBXBuildFile; fileRef = 1058C7A1FEA54F0111CA2CBB /* Cocoa.framework */; };
		756F9D78110BB40C00E6F291 /* CHDocumentationBrowser.xib in Resources */ = {isa = PBXBuildFile; fileRef = 756F9D77110BB40C00E6F291 /* CHDocumentationBrowser.xib */; };
		756F9D7C110BB42300E6F291 /* MainMenu.xib in Resources */ = {isa = PBXBuildFile; fileRef = 2F7446970DB6B7EA00F9684A /* MainMenu.xib */; };
		756F9D81110BB44600E6F291 /* IGKApplicationDelegate.h in Headers */ = {isa = PBXBuildFile; fileRef = 756F9D7F110BB44600E6F291 /* IGKApplicationDelegate.h */; settings = {ATTRIBUTES = (Public, ); }; };
		756F9D82110BB44600E6F291 /* IGKApplicationDelegate.m in Sources */ = {isa = PBXBuildFile; fileRef = 756F9D80110BB44600E6F291 /* IGKApplicationDelegate.m */; };
		756F9DE3110BB59100E6F291 /* BWToolkitFramework.framework in CopyFiles */ = {isa = PBXBuildFile; fileRef = 756F9DAC110BB55100E6F291 /* BWToolkitFramework.framework */; };
		756F9DFD110BB71700E6F291 /* IngredientsKit.h in Headers */ = {isa = PBXBuildFile; fileRef = 756F9DFC110BB71700E6F291 /* IngredientsKit.h */; settings = {ATTRIBUTES = (Public, ); }; };
		756F9E00110BB74600E6F291 /* IngredientsKit.framework in CopyFiles */ = {isa = PBXBuildFile; fileRef = 756F9D2F110BA72F00E6F291 /* IngredientsKit.framework */; };
		756F9E0C110BB79100E6F291 /* IGKWindowController.h in Headers */ = {isa = PBXBuildFile; fileRef = 756F9E0A110BB79100E6F291 /* IGKWindowController.h */; };
		756F9E0D110BB79100E6F291 /* IGKWindowController.m in Sources */ = {isa = PBXBuildFile; fileRef = 756F9E0B110BB79100E6F291 /* IGKWindowController.m */; };
		756F9E54110BE74100E6F291 /* IngredientsKit.framework in Frameworks */ = {isa = PBXBuildFile; fileRef = 756F9D2F110BA72F00E6F291 /* IngredientsKit.framework */; };
		756F9F0A110BE77300E6F291 /* WebKit.framework in Frameworks */ = {isa = PBXBuildFile; fileRef = 756F9E60110BE76600E6F291 /* WebKit.framework */; };
		756F9F19110BE7A400E6F291 /* BWToolkitFramework.framework in Frameworks */ = {isa = PBXBuildFile; fileRef = 756F9DAC110BB55100E6F291 /* BWToolkitFramework.framework */; };
		756F9FA1110BEA8D00E6F291 /* CHLeftSplitVIew.h in Headers */ = {isa = PBXBuildFile; fileRef = 756F9F9F110BEA8D00E6F291 /* CHLeftSplitVIew.h */; };
		756F9FB5110BEB5600E6F291 /* CHLeftSplitView.m in Sources */ = {isa = PBXBuildFile; fileRef = 756F9FA0110BEA8D00E6F291 /* CHLeftSplitView.m */; };
		756F9FFB110C805C00E6F291 /* IGKScraper.h in Headers */ = {isa = PBXBuildFile; fileRef = 756F9FF9110C805C00E6F291 /* IGKScraper.h */; };
		756F9FFC110C805C00E6F291 /* IGKScraper.m in Sources */ = {isa = PBXBuildFile; fileRef = 756F9FFA110C805C00E6F291 /* IGKScraper.m */; };
		75751B25117B599E0017B58B /* IGKFindWindow.h in Headers */ = {isa = PBXBuildFile; fileRef = 75751B23117B599E0017B58B /* IGKFindWindow.h */; };
		75751B26117B599E0017B58B /* IGKFindWindow.m in Sources */ = {isa = PBXBuildFile; fileRef = 75751B24117B599E0017B58B /* IGKFindWindow.m */; };
		75751B90117B641D0017B58B /* IGKResizeDelegatedView.h in Headers */ = {isa = PBXBuildFile; fileRef = 75751B8E117B641D0017B58B /* IGKResizeDelegatedView.h */; };
		75751B91117B641D0017B58B /* IGKResizeDelegatedView.m in Sources */ = {isa = PBXBuildFile; fileRef = 75751B8F117B641D0017B58B /* IGKResizeDelegatedView.m */; };
		7576540A1179243D0099D318 /* IGKFilterBarTableView.h in Headers */ = {isa = PBXBuildFile; fileRef = 757654081179243D0099D318 /* IGKFilterBarTableView.h */; };
		7576540B1179243D0099D318 /* IGKFilterBarTableView.m in Sources */ = {isa = PBXBuildFile; fileRef = 757654091179243D0099D318 /* IGKFilterBarTableView.m */; };
		75901BEE1129FC2100BA0316 /* Credits.rtf in Resources */ = {isa = PBXBuildFile; fileRef = 75901BEC1129FC2100BA0316 /* Credits.rtf */; };
		759030231139BFF500550A86 /* IGKMatteSegmentedControl.h in Headers */ = {isa = PBXBuildFile; fileRef = 759030211139BFF500550A86 /* IGKMatteSegmentedControl.h */; };
		759030241139BFF500550A86 /* IGKMatteSegmentedControl.m in Sources */ = {isa = PBXBuildFile; fileRef = 759030221139BFF500550A86 /* IGKMatteSegmentedControl.m */; };
		75943BA5114407C2004126E7 /* Sparkle.framework in Frameworks */ = {isa = PBXBuildFile; fileRef = 75943BA4114407C2004126E7 /* Sparkle.framework */; };
		75943BCE114407C9004126E7 /* Sparkle.framework in CopyFiles */ = {isa = PBXBuildFile; fileRef = 75943BA4114407C2004126E7 /* Sparkle.framework */; };
		75943BD1114407D1004126E7 /* IGKPreferencesController.m in Sources */ = {isa = PBXBuildFile; fileRef = 75BD177D1143E94000E67594 /* IGKPreferencesController.m */; };
		75943BDD1144085D004126E7 /* IGKPreferences.xib in Resources */ = {isa = PBXBuildFile; fileRef = 75BD176A1143E6C300E67594 /* IGKPreferences.xib */; };
		75943C0B11441AE0004126E7 /* IGKBackForwardManager.h in Headers */ = {isa = PBXBuildFile; fileRef = 75943C0911441AE0004126E7 /* IGKBackForwardManager.h */; };
		75943C0C11441AE0004126E7 /* IGKBackForwardManager.m in Sources */ = {isa = PBXBuildFile; fileRef = 75943C0A11441AE0004126E7 /* IGKBackForwardManager.m */; };
		759ECF9B113344CC00067BD1 /* IGKShyTableView.h in Headers */ = {isa = PBXBuildFile; fileRef = 759ECF99113344CC00067BD1 /* IGKShyTableView.h */; };
		759ECF9C113344CC00067BD1 /* IGKShyTableView.m in Sources */ = {isa = PBXBuildFile; fileRef = 759ECF9A113344CC00067BD1 /* IGKShyTableView.m */; };
		759ECFA3113349D700067BD1 /* IGKMultiSelector.h in Headers */ = {isa = PBXBuildFile; fileRef = 759ECFA1113349D700067BD1 /* IGKMultiSelector.h */; };
		759ECFA4113349D700067BD1 /* IGKMultiSelector.m in Sources */ = {isa = PBXBuildFile; fileRef = 759ECFA2113349D700067BD1 /* IGKMultiSelector.m */; };
		759ECFB211334CE100067BD1 /* MultiSel_AdvSearch_Norm.png in Resources */ = {isa = PBXBuildFile; fileRef = 759ECFA511334CE100067BD1 /* MultiSel_AdvSearch_Norm.png */; };
		759ECFB311334CE100067BD1 /* MultiSel_AdvSearch_NormHov.png in Resources */ = {isa = PBXBuildFile; fileRef = 759ECFA611334CE100067BD1 /* MultiSel_AdvSearch_NormHov.png */; };
		759ECFB411334CE100067BD1 /* MultiSel_AdvSearch_Sel.png in Resources */ = {isa = PBXBuildFile; fileRef = 759ECFA711334CE100067BD1 /* MultiSel_AdvSearch_Sel.png */; };
		759ECFB511334CE100067BD1 /* MultiSel_Divider.png in Resources */ = {isa = PBXBuildFile; fileRef = 759ECFA811334CE100067BD1 /* MultiSel_Divider.png */; };
		759ECFB611334CE100067BD1 /* MultiSel_NoSearch_Norm.png in Resources */ = {isa = PBXBuildFile; fileRef = 759ECFA911334CE100067BD1 /* MultiSel_NoSearch_Norm.png */; };
		759ECFB711334CE100067BD1 /* MultiSel_NoSearch_NormHov.png in Resources */ = {isa = PBXBuildFile; fileRef = 759ECFAA11334CE100067BD1 /* MultiSel_NoSearch_NormHov.png */; };
		759ECFB811334CE100067BD1 /* MultiSel_NoSearch_Sel.png in Resources */ = {isa = PBXBuildFile; fileRef = 759ECFAB11334CE100067BD1 /* MultiSel_NoSearch_Sel.png */; };
		759ECFB911334CE100067BD1 /* MultiSel_SideSearch_Norm.png in Resources */ = {isa = PBXBuildFile; fileRef = 759ECFAC11334CE100067BD1 /* MultiSel_SideSearch_Norm.png */; };
		759ECFBA11334CE100067BD1 /* MultiSel_SideSearch_NormHov.png in Resources */ = {isa = PBXBuildFile; fileRef = 759ECFAD11334CE100067BD1 /* MultiSel_SideSearch_NormHov.png */; };
		759ECFBB11334CE100067BD1 /* MultiSel_SideSearch_Sel.png in Resources */ = {isa = PBXBuildFile; fileRef = 759ECFAE11334CE100067BD1 /* MultiSel_SideSearch_Sel.png */; };
		759ECFBC11334CE100067BD1 /* MultiSel_window_frame_button_active_left.png in Resources */ = {isa = PBXBuildFile; fileRef = 759ECFAF11334CE100067BD1 /* MultiSel_window_frame_button_active_left.png */; };
		759ECFBD11334CE100067BD1 /* MultiSel_window_frame_button_active_middle.png in Resources */ = {isa = PBXBuildFile; fileRef = 759ECFB011334CE100067BD1 /* MultiSel_window_frame_button_active_middle.png */; };
		759ECFBE11334CE100067BD1 /* MultiSel_window_frame_button_active_right.png in Resources */ = {isa = PBXBuildFile; fileRef = 759ECFB111334CE100067BD1 /* MultiSel_window_frame_button_active_right.png */; };
		759ECFC411334D9800067BD1 /* IGKWindow.h in Headers */ = {isa = PBXBuildFile; fileRef = 759ECFC211334D9800067BD1 /* IGKWindow.h */; };
		759ECFC511334D9800067BD1 /* IGKWindow.m in Sources */ = {isa = PBXBuildFile; fileRef = 759ECFC311334D9800067BD1 /* IGKWindow.m */; };
		75A1C05711431A48005489E4 /* MS_Browser_S.png in Resources */ = {isa = PBXBuildFile; fileRef = 75A1C05111431A48005489E4 /* MS_Browser_S.png */; };
		75A1C05811431A48005489E4 /* MS_Browser.png in Resources */ = {isa = PBXBuildFile; fileRef = 75A1C05211431A48005489E4 /* MS_Browser.png */; };
		75A1C05911431A48005489E4 /* MS_Search_S.png in Resources */ = {isa = PBXBuildFile; fileRef = 75A1C05311431A48005489E4 /* MS_Search_S.png */; };
		75A1C05A11431A48005489E4 /* MS_Search.png in Resources */ = {isa = PBXBuildFile; fileRef = 75A1C05411431A48005489E4 /* MS_Search.png */; };
		75A1C05B11431A48005489E4 /* MS_Side_S.png in Resources */ = {isa = PBXBuildFile; fileRef = 75A1C05511431A48005489E4 /* MS_Side_S.png */; };
		75A1C05C11431A48005489E4 /* MS_Side.png in Resources */ = {isa = PBXBuildFile; fileRef = 75A1C05611431A48005489E4 /* MS_Side.png */; };
		75A1C0B811432C90005489E4 /* HistorySelLeft.png in Resources */ = {isa = PBXBuildFile; fileRef = 75A1C0B611432C90005489E4 /* HistorySelLeft.png */; };
		75A1C0B911432C90005489E4 /* HistorySelRight.png in Resources */ = {isa = PBXBuildFile; fileRef = 75A1C0B711432C90005489E4 /* HistorySelRight.png */; };
		75A1C0C811432E85005489E4 /* HistorySelLeft_S.png in Resources */ = {isa = PBXBuildFile; fileRef = 75A1C0C611432E85005489E4 /* HistorySelLeft_S.png */; };
		75A1C0C911432E85005489E4 /* HistorySelRight_S.png in Resources */ = {isa = PBXBuildFile; fileRef = 75A1C0C711432E85005489E4 /* HistorySelRight_S.png */; };
		75A4B48511429ECD008CA9E8 /* IGKTableOfContentsView.h in Headers */ = {isa = PBXBuildFile; fileRef = 75A4B48311429ECD008CA9E8 /* IGKTableOfContentsView.h */; };
		75A4B48611429ECD008CA9E8 /* IGKTableOfContentsView.m in Sources */ = {isa = PBXBuildFile; fileRef = 75A4B48411429ECD008CA9E8 /* IGKTableOfContentsView.m */; };
		75A9AA9C11495DA300E539F2 /* IGKEaseInOutAnimatedView.h in Headers */ = {isa = PBXBuildFile; fileRef = 75A9AA9A11495DA300E539F2 /* IGKEaseInOutAnimatedView.h */; };
		75A9AA9D11495DA300E539F2 /* IGKEaseInOutAnimatedView.m in Sources */ = {isa = PBXBuildFile; fileRef = 75A9AA9B11495DA300E539F2 /* IGKEaseInOutAnimatedView.m */; };
		75A9AAA911495F2300E539F2 /* QuartzCore.framework in Frameworks */ = {isa = PBXBuildFile; fileRef = 75A9AAA811495F2300E539F2 /* QuartzCore.framework */; };
		75A9AAE111495F2900E539F2 /* QuartzCore.framework in Frameworks */ = {isa = PBXBuildFile; fileRef = 75A9AAA811495F2300E539F2 /* QuartzCore.framework */; };
		75A9DA6711411C49003F8437 /* NSXMLNode+IGKAdditions.h in Headers */ = {isa = PBXBuildFile; fileRef = 75A9DA6511411C49003F8437 /* NSXMLNode+IGKAdditions.h */; };
		75A9DA6811411C49003F8437 /* NSXMLNode+IGKAdditions.m in Sources */ = {isa = PBXBuildFile; fileRef = 75A9DA6611411C49003F8437 /* NSXMLNode+IGKAdditions.m */; };
		75ACEC59117A539600260366 /* IGKFindBackgroundView.h in Headers */ = {isa = PBXBuildFile; fileRef = 75ACEC57117A539600260366 /* IGKFindBackgroundView.h */; };
		75ACEC5A117A539600260366 /* IGKFindBackgroundView.m in Sources */ = {isa = PBXBuildFile; fileRef = 75ACEC58117A539600260366 /* IGKFindBackgroundView.m */; };
		75ADECEA118E0B9500C57C77 /* IGKWordMembership.h in Headers */ = {isa = PBXBuildFile; fileRef = 75ADECE8118E0B9500C57C77 /* IGKWordMembership.h */; };
		75ADECEB118E0B9500C57C77 /* IGKWordMembership.m in Sources */ = {isa = PBXBuildFile; fileRef = 75ADECE9118E0B9500C57C77 /* IGKWordMembership.m */; };
		75B23908113FB4D300EC1D2B /* IGKDocSetManagedObject.h in Headers */ = {isa = PBXBuildFile; fileRef = 75B23906113FB4D300EC1D2B /* IGKDocSetManagedObject.h */; };
		75B23909113FB4D300EC1D2B /* IGKDocSetManagedObject.m in Sources */ = {isa = PBXBuildFile; fileRef = 75B23907113FB4D300EC1D2B /* IGKDocSetManagedObject.m */; };
		75B23F4711401DD700EC1D2B /* PFMoveApplication.m in Sources */ = {isa = PBXBuildFile; fileRef = 75B23F4611401DD700EC1D2B /* PFMoveApplication.m */; };
		75B23F6A1140216200EC1D2B /* Security.framework in Frameworks */ = {isa = PBXBuildFile; fileRef = 75B23F691140216200EC1D2B /* Security.framework */; };
		75B23F6E1140218400EC1D2B /* Ingredients_AppDelegate.m in Sources */ = {isa = PBXBuildFile; fileRef = 77C8280C06725ACE000B614F /* Ingredients_AppDelegate.m */; };
		75B534FA111076C000560848 /* View_AdvSearchTemplate.png in Resources */ = {isa = PBXBuildFile; fileRef = 75B534F7111076C000560848 /* View_AdvSearchTemplate.png */; };
		75B534FB111076C000560848 /* View_NoSearchTemplate.png in Resources */ = {isa = PBXBuildFile; fileRef = 75B534F8111076C000560848 /* View_NoSearchTemplate.png */; };
		75B534FC111076C000560848 /* View_SideSearchTemplate.png in Resources */ = {isa = PBXBuildFile; fileRef = 75B534F9111076C000560848 /* View_SideSearchTemplate.png */; };
		75BD17761143E7F000E67594 /* TBReSparkle.png in Resources */ = {isa = PBXBuildFile; fileRef = 75BD17751143E7F000E67594 /* TBReSparkle.png */; };
		75BD177E1143E94000E67594 /* IGKPreferencesController.h in Headers */ = {isa = PBXBuildFile; fileRef = 75BD177C1143E94000E67594 /* IGKPreferencesController.h */; };
		75BD17C61143F37E00E67594 /* SQPreferencesBackgroundComponent.m in Sources */ = {isa = PBXBuildFile; fileRef = 75BD17C51143F37E00E67594 /* SQPreferencesBackgroundComponent.m */; };
		75C74A0A1140415F00E3EAC6 /* ToC_All_S.png in Resources */ = {isa = PBXBuildFile; fileRef = 75C749FE1140415F00E3EAC6 /* ToC_All_S.png */; };
		75C74A0B1140415F00E3EAC6 /* ToC_All.png in Resources */ = {isa = PBXBuildFile; fileRef = 75C749FF1140415F00E3EAC6 /* ToC_All.png */; };
		75C74A0C1140415F00E3EAC6 /* ToC_Delegate_S.png in Resources */ = {isa = PBXBuildFile; fileRef = 75C74A001140415F00E3EAC6 /* ToC_Delegate_S.png */; };
		75C74A0D1140415F00E3EAC6 /* ToC_Delegate.png in Resources */ = {isa = PBXBuildFile; fileRef = 75C74A011140415F00E3EAC6 /* ToC_Delegate.png */; };
		75C74A0E1140415F00E3EAC6 /* ToC_Methods_S.png in Resources */ = {isa = PBXBuildFile; fileRef = 75C74A021140415F00E3EAC6 /* ToC_Methods_S.png */; };
		75C74A0F1140415F00E3EAC6 /* ToC_Methods.png in Resources */ = {isa = PBXBuildFile; fileRef = 75C74A031140415F00E3EAC6 /* ToC_Methods.png */; };
		75C74A101140415F00E3EAC6 /* ToC_Notifications_S.png in Resources */ = {isa = PBXBuildFile; fileRef = 75C74A041140415F00E3EAC6 /* ToC_Notifications_S.png */; };
		75C74A111140415F00E3EAC6 /* ToC_Notifications.png in Resources */ = {isa = PBXBuildFile; fileRef = 75C74A051140415F00E3EAC6 /* ToC_Notifications.png */; };
		75C74A121140415F00E3EAC6 /* ToC_Properties_S.png in Resources */ = {isa = PBXBuildFile; fileRef = 75C74A061140415F00E3EAC6 /* ToC_Properties_S.png */; };
		75C74A131140415F00E3EAC6 /* ToC_Properties.png in Resources */ = {isa = PBXBuildFile; fileRef = 75C74A071140415F00E3EAC6 /* ToC_Properties.png */; };
		75C74A141140415F00E3EAC6 /* ToC_Overview_S.png in Resources */ = {isa = PBXBuildFile; fileRef = 75C74A081140415F00E3EAC6 /* ToC_Overview_S.png */; };
		75C74A151140415F00E3EAC6 /* ToC_Overview.png in Resources */ = {isa = PBXBuildFile; fileRef = 75C74A091140415F00E3EAC6 /* ToC_Overview.png */; };
		75C74A4D11404B0800E3EAC6 /* ToC_Bindings.png in Resources */ = {isa = PBXBuildFile; fileRef = 75C74A4C11404B0800E3EAC6 /* ToC_Bindings.png */; };
		75C74A5611404FD800E3EAC6 /* ToC_Bindings_S.png in Resources */ = {isa = PBXBuildFile; fileRef = 75C74A5511404FD800E3EAC6 /* ToC_Bindings_S.png */; };
		75C74A601140539B00E3EAC6 /* IGKSometimesCenteredTextCell.h in Headers */ = {isa = PBXBuildFile; fileRef = 75C74A5E1140539B00E3EAC6 /* IGKSometimesCenteredTextCell.h */; };
		75C74A611140539B00E3EAC6 /* IGKSometimesCenteredTextCell.m in Sources */ = {isa = PBXBuildFile; fileRef = 75C74A5F1140539B00E3EAC6 /* IGKSometimesCenteredTextCell.m */; };
		75C914E211374B8100F0D7EC /* ingredients.icns in Resources */ = {isa = PBXBuildFile; fileRef = 75C914E111374B8000F0D7EC /* ingredients.icns */; };
		75C9FE90110F53E400C9B51C /* IGKHTMLGenerator.h in Headers */ = {isa = PBXBuildFile; fileRef = 75C9FE8E110F53E400C9B51C /* IGKHTMLGenerator.h */; };
		75C9FE91110F53E400C9B51C /* IGKHTMLGenerator.m in Sources */ = {isa = PBXBuildFile; fileRef = 75C9FE8F110F53E400C9B51C /* IGKHTMLGenerator.m */; };
		75C9FF05110F868300C9B51C /* main.css in Resources */ = {isa = PBXBuildFile; fileRef = 75C9FF03110F868300C9B51C /* main.css */; };
		75DF96DE117E32E100403233 /* IGKMattePopUpButtonView.h in Headers */ = {isa = PBXBuildFile; fileRef = 75DF96DC117E32E100403233 /* IGKMattePopUpButtonView.h */; };
		75DF96DF117E32E100403233 /* IGKMattePopUpButtonView.m in Sources */ = {isa = PBXBuildFile; fileRef = 75DF96DD117E32E100403233 /* IGKMattePopUpButtonView.m */; };
		75DF96EA117E350600403233 /* IGKMatteFocusedGradientBox.m in Sources */ = {isa = PBXBuildFile; fileRef = 75DF96E9117E350600403233 /* IGKMatteFocusedGradientBox.m */; };
		75F67031110CCD31005F299C /* RegexKitLite.h in Headers */ = {isa = PBXBuildFile; fileRef = 75F6702F110CCD31005F299C /* RegexKitLite.h */; };
		75F67032110CCD31005F299C /* RegexKitLite.m in Sources */ = {isa = PBXBuildFile; fileRef = 75F67030110CCD31005F299C /* RegexKitLite.m */; };
		75F67044110CD033005F299C /* libicucore.dylib in Frameworks */ = {isa = PBXBuildFile; fileRef = 75F67043110CD033005F299C /* libicucore.dylib */; };
		75F671D8110DE8E2005F299C /* Ingredients_DataModel.xcdatamodel in Sources */ = {isa = PBXBuildFile; fileRef = 770B37EC0679A11B001EADE2 /* Ingredients_DataModel.xcdatamodel */; };
		75F672AB110E254A005F299C /* IGKDocRecordManagedObject.h in Headers */ = {isa = PBXBuildFile; fileRef = 75F672A9110E254A005F299C /* IGKDocRecordManagedObject.h */; };
		75F672AC110E254A005F299C /* IGKDocRecordManagedObject.m in Sources */ = {isa = PBXBuildFile; fileRef = 75F672AA110E254A005F299C /* IGKDocRecordManagedObject.m */; };
		8D11072B0486CEB800E47090 /* InfoPlist.strings in Resources */ = {isa = PBXBuildFile; fileRef = 089C165CFE840E0CC02AAC07 /* InfoPlist.strings */; };
		8D11072D0486CEB800E47090 /* main.m in Sources */ = {isa = PBXBuildFile; fileRef = 29B97316FDCFA39411CA2CEA /* main.m */; settings = {ATTRIBUTES = (); }; };
		8D11072F0486CEB800E47090 /* Cocoa.framework in Frameworks */ = {isa = PBXBuildFile; fileRef = 1058C7A1FEA54F0111CA2CBB /* Cocoa.framework */; };
/* End PBXBuildFile section */

/* Begin PBXContainerItemProxy section */
		75B570621136A52A00EC5FE9 /* PBXContainerItemProxy */ = {
			isa = PBXContainerItemProxy;
			containerPortal = 29B97313FDCFA39411CA2CEA /* Project object */;
			proxyType = 1;
			remoteGlobalIDString = 756F9D2E110BA72F00E6F291;
			remoteInfo = IngredientsKit;
		};
/* End PBXContainerItemProxy section */

/* Begin PBXCopyFilesBuildPhase section */
		756F9DE7110BB59C00E6F291 /* CopyFiles */ = {
			isa = PBXCopyFilesBuildPhase;
			buildActionMask = 2147483647;
			dstPath = "";
			dstSubfolderSpec = 10;
			files = (
				75943BCE114407C9004126E7 /* Sparkle.framework in CopyFiles */,
				756F9E00110BB74600E6F291 /* IngredientsKit.framework in CopyFiles */,
				756F9DE3110BB59100E6F291 /* BWToolkitFramework.framework in CopyFiles */,
			);
			runOnlyForDeploymentPostprocessing = 0;
		};
/* End PBXCopyFilesBuildPhase section */

/* Begin PBXFileReference section */
		089C165DFE840E0CC02AAC07 /* English */ = {isa = PBXFileReference; fileEncoding = 10; lastKnownFileType = text.plist.strings; name = English; path = English.lproj/InfoPlist.strings; sourceTree = "<group>"; };
		0C35D866118B657F0013DDFD /* IGKAnnotationManager.h */ = {isa = PBXFileReference; fileEncoding = 4; lastKnownFileType = sourcecode.c.h; path = IGKAnnotationManager.h; sourceTree = "<group>"; };
		0C35D867118B657F0013DDFD /* IGKAnnotationManager.m */ = {isa = PBXFileReference; fileEncoding = 4; lastKnownFileType = sourcecode.c.objc; path = IGKAnnotationManager.m; sourceTree = "<group>"; };
		0C35D86C118B65920013DDFD /* IGKAnnotation.h */ = {isa = PBXFileReference; fileEncoding = 4; lastKnownFileType = sourcecode.c.h; path = IGKAnnotation.h; sourceTree = "<group>"; };
		0C35D86D118B65920013DDFD /* IGKAnnotation.m */ = {isa = PBXFileReference; fileEncoding = 4; lastKnownFileType = sourcecode.c.objc; path = IGKAnnotation.m; sourceTree = "<group>"; };
		0C402C141191C691001564B5 /* NSString+Utilities.h */ = {isa = PBXFileReference; fileEncoding = 4; lastKnownFileType = sourcecode.c.h; path = "NSString+Utilities.h"; sourceTree = "<group>"; };
		0C402C151191C691001564B5 /* NSString+Utilities.m */ = {isa = PBXFileReference; fileEncoding = 4; lastKnownFileType = sourcecode.c.objc; path = "NSString+Utilities.m"; sourceTree = "<group>"; };
		0C7C02E4110E000800412666 /* XBNewSourceListCell.h */ = {isa = PBXFileReference; fileEncoding = 4; lastKnownFileType = sourcecode.c.h; path = XBNewSourceListCell.h; sourceTree = "<group>"; };
		0C7C02E5110E000800412666 /* XBNewSourceListCell.m */ = {isa = PBXFileReference; fileEncoding = 4; lastKnownFileType = sourcecode.c.objc; path = XBNewSourceListCell.m; sourceTree = "<group>"; };
		0C7C02EB110E006000412666 /* CHSymbolButtonImage.h */ = {isa = PBXFileReference; fileEncoding = 4; lastKnownFileType = sourcecode.c.h; path = CHSymbolButtonImage.h; sourceTree = "<group>"; };
		0C7C02EC110E006000412666 /* CHSymbolButtonImage.m */ = {isa = PBXFileReference; fileEncoding = 4; lastKnownFileType = sourcecode.c.objc; path = CHSymbolButtonImage.m; sourceTree = "<group>"; };
		1058C7A1FEA54F0111CA2CBB /* Cocoa.framework */ = {isa = PBXFileReference; lastKnownFileType = wrapper.framework; name = Cocoa.framework; path = /System/Library/Frameworks/Cocoa.framework; sourceTree = "<absolute>"; };
		29B97316FDCFA39411CA2CEA /* main.m */ = {isa = PBXFileReference; fileEncoding = 4; lastKnownFileType = sourcecode.c.objc; path = main.m; sourceTree = "<group>"; };
		29B97324FDCFA39411CA2CEA /* AppKit.framework */ = {isa = PBXFileReference; lastKnownFileType = wrapper.framework; name = AppKit.framework; path = /System/Library/Frameworks/AppKit.framework; sourceTree = "<absolute>"; };
		29B97325FDCFA39411CA2CEA /* Foundation.framework */ = {isa = PBXFileReference; lastKnownFileType = wrapper.framework; name = Foundation.framework; path = /System/Library/Frameworks/Foundation.framework; sourceTree = "<absolute>"; };
		2F7446980DB6B7EA00F9684A /* English */ = {isa = PBXFileReference; lastKnownFileType = file.xib; name = English; path = English.lproj/MainMenu.xib; sourceTree = "<group>"; };
		32CA4F630368D1EE00C91783 /* Ingredients_Prefix.pch */ = {isa = PBXFileReference; fileEncoding = 4; lastKnownFileType = sourcecode.c.h; path = Ingredients_Prefix.pch; sourceTree = "<group>"; };
		7507CF4311598197008449DE /* IGKPredicateEditor.h */ = {isa = PBXFileReference; fileEncoding = 4; lastKnownFileType = sourcecode.c.h; path = IGKPredicateEditor.h; sourceTree = "<group>"; };
		7507CF4411598197008449DE /* IGKPredicateEditor.m */ = {isa = PBXFileReference; fileEncoding = 4; lastKnownFileType = sourcecode.c.objc; path = IGKPredicateEditor.m; sourceTree = "<group>"; };
		750DFBCD114671CC004C5D08 /* IGKMattePopUpButton.h */ = {isa = PBXFileReference; fileEncoding = 4; lastKnownFileType = sourcecode.c.h; path = IGKMattePopUpButton.h; sourceTree = "<group>"; };
		750DFBCE114671CC004C5D08 /* IGKMattePopUpButton.m */ = {isa = PBXFileReference; fileEncoding = 4; lastKnownFileType = sourcecode.c.objc; path = IGKMattePopUpButton.m; sourceTree = "<group>"; };
		75195FB8116D49B00034590C /* IGKManagedObject.h */ = {isa = PBXFileReference; fileEncoding = 4; lastKnownFileType = sourcecode.c.h; path = IGKManagedObject.h; sourceTree = "<group>"; };
		75195FB9116D49B00034590C /* IGKManagedObject.m */ = {isa = PBXFileReference; fileEncoding = 4; lastKnownFileType = sourcecode.c.objc; path = IGKManagedObject.m; sourceTree = "<group>"; };
		751D2AD01126E4A100403E64 /* IGKArrayController.h */ = {isa = PBXFileReference; fileEncoding = 4; lastKnownFileType = sourcecode.c.h; path = IGKArrayController.h; sourceTree = "<group>"; };
		751D2AD11126E4A100403E64 /* IGKArrayController.m */ = {isa = PBXFileReference; fileEncoding = 4; lastKnownFileType = sourcecode.c.objc; path = IGKArrayController.m; sourceTree = "<group>"; };
		751D2D171126F1F400403E64 /* no_selection.html */ = {isa = PBXFileReference; fileEncoding = 4; lastKnownFileType = text.html; path = no_selection.html; sourceTree = "<group>"; };
		751D2DBE1127340700403E64 /* IGKNoSelectionInnerView.h */ = {isa = PBXFileReference; fileEncoding = 4; lastKnownFileType = sourcecode.c.h; path = IGKNoSelectionInnerView.h; sourceTree = "<group>"; };
		751D2DBF1127340700403E64 /* IGKNoSelectionInnerView.m */ = {isa = PBXFileReference; fileEncoding = 4; lastKnownFileType = sourcecode.c.objc; path = IGKNoSelectionInnerView.m; sourceTree = "<group>"; };
		751D2DC71127354E00403E64 /* IGKNoSelectionOuterView.h */ = {isa = PBXFileReference; fileEncoding = 4; lastKnownFileType = sourcecode.c.h; path = IGKNoSelectionOuterView.h; sourceTree = "<group>"; };
		751D2DC81127354E00403E64 /* IGKNoSelectionOuterView.m */ = {isa = PBXFileReference; fileEncoding = 4; lastKnownFileType = sourcecode.c.objc; path = IGKNoSelectionOuterView.m; sourceTree = "<group>"; };
		751E45D51125E6CE00CD544A /* tictactoe_style.css */ = {isa = PBXFileReference; fileEncoding = 4; lastKnownFileType = text.css; path = tictactoe_style.css; sourceTree = "<group>"; };
		752321C81179DE5400BAEA90 /* IGKBackgroundProgressBar.h */ = {isa = PBXFileReference; fileEncoding = 4; lastKnownFileType = sourcecode.c.h; path = IGKBackgroundProgressBar.h; sourceTree = "<group>"; };
		752321C91179DE5400BAEA90 /* IGKBackgroundProgressBar.m */ = {isa = PBXFileReference; fileEncoding = 4; lastKnownFileType = sourcecode.c.objc; path = IGKBackgroundProgressBar.m; sourceTree = "<group>"; };
		754AA3F81140267300321EAF /* AnthillBugReporter.h */ = {isa = PBXFileReference; fileEncoding = 4; lastKnownFileType = sourcecode.c.h; name = AnthillBugReporter.h; path = "Anthill Cocoa/AnthillBugReporter.h"; sourceTree = "<group>"; };
		754AA3F91140267300321EAF /* AnthillBugReporter.m */ = {isa = PBXFileReference; fileEncoding = 4; lastKnownFileType = sourcecode.c.objc; name = AnthillBugReporter.m; path = "Anthill Cocoa/AnthillBugReporter.m"; sourceTree = "<group>"; };
		754AA3FB1140267D00321EAF /* AnthillReporter.nib */ = {isa = PBXFileReference; lastKnownFileType = wrapper.nib; name = AnthillReporter.nib; path = "Anthill Cocoa/AnthillReporter.nib"; sourceTree = "<group>"; };
		755F427D112323C600AA16F5 /* tictactoe.html */ = {isa = PBXFileReference; fileEncoding = 4; lastKnownFileType = text.html; path = tictactoe.html; sourceTree = "<group>"; };
		755F42AE112326E700AA16F5 /* sourcelist_indexing_wallpaper.png */ = {isa = PBXFileReference; lastKnownFileType = image.png; name = sourcelist_indexing_wallpaper.png; path = Images/sourcelist_indexing_wallpaper.png; sourceTree = "<group>"; };
		755F42B21123270700AA16F5 /* IGKSourceListWallpaperView.h */ = {isa = PBXFileReference; fileEncoding = 4; lastKnownFileType = sourcecode.c.h; path = IGKSourceListWallpaperView.h; sourceTree = "<group>"; };
		755F42B31123270700AA16F5 /* IGKSourceListWallpaperView.m */ = {isa = PBXFileReference; fileEncoding = 4; lastKnownFileType = sourcecode.c.objc; path = IGKSourceListWallpaperView.m; sourceTree = "<group>"; };
		755F432011232B2F00AA16F5 /* NSBezierPath+MCAdditions.h */ = {isa = PBXFileReference; fileEncoding = 4; lastKnownFileType = sourcecode.c.h; path = "NSBezierPath+MCAdditions.h"; sourceTree = "<group>"; };
		755F432111232B2F00AA16F5 /* NSBezierPath+MCAdditions.m */ = {isa = PBXFileReference; fileEncoding = 4; lastKnownFileType = sourcecode.c.objc; path = "NSBezierPath+MCAdditions.m"; sourceTree = "<group>"; };
		755F432211232B2F00AA16F5 /* NSShadow+MCAdditions.h */ = {isa = PBXFileReference; fileEncoding = 4; lastKnownFileType = sourcecode.c.h; path = "NSShadow+MCAdditions.h"; sourceTree = "<group>"; };
		755F432311232B2F00AA16F5 /* NSShadow+MCAdditions.m */ = {isa = PBXFileReference; fileEncoding = 4; lastKnownFileType = sourcecode.c.objc; path = "NSShadow+MCAdditions.m"; sourceTree = "<group>"; };
		755F437811232C9500AA16F5 /* IGKLaunchController.h */ = {isa = PBXFileReference; fileEncoding = 4; lastKnownFileType = sourcecode.c.h; path = IGKLaunchController.h; sourceTree = "<group>"; };
		755F437911232C9500AA16F5 /* IGKLaunchController.m */ = {isa = PBXFileReference; fileEncoding = 4; lastKnownFileType = sourcecode.c.objc; path = IGKLaunchController.m; sourceTree = "<group>"; };
		756D7A8A1145BB11001C05D7 /* Ingredients.sdef */ = {isa = PBXFileReference; fileEncoding = 4; lastKnownFileType = text.sdef; path = Ingredients.sdef; sourceTree = "<group>"; };
		756D7A8B1145BB11001C05D7 /* IngredientsCommand.h */ = {isa = PBXFileReference; fileEncoding = 4; lastKnownFileType = sourcecode.c.h; path = IngredientsCommand.h; sourceTree = "<group>"; };
		756D7A8C1145BB11001C05D7 /* IngredientsCommand.m */ = {isa = PBXFileReference; fileEncoding = 4; lastKnownFileType = sourcecode.c.objc; path = IngredientsCommand.m; sourceTree = "<group>"; };
		756F9D2F110BA72F00E6F291 /* IngredientsKit.framework */ = {isa = PBXFileReference; explicitFileType = wrapper.framework; includeInIndex = 0; path = IngredientsKit.framework; sourceTree = BUILT_PRODUCTS_DIR; };
		756F9D30110BA72F00E6F291 /* IngredientsKit-Info.plist */ = {isa = PBXFileReference; lastKnownFileType = text.plist.xml; path = "IngredientsKit-Info.plist"; sourceTree = "<group>"; };
		756F9D77110BB40C00E6F291 /* CHDocumentationBrowser.xib */ = {isa = PBXFileReference; lastKnownFileType = file.xib; path = CHDocumentationBrowser.xib; sourceTree = "<group>"; };
		756F9D7F110BB44600E6F291 /* IGKApplicationDelegate.h */ = {isa = PBXFileReference; fileEncoding = 4; lastKnownFileType = sourcecode.c.h; path = IGKApplicationDelegate.h; sourceTree = "<group>"; };
		756F9D80110BB44600E6F291 /* IGKApplicationDelegate.m */ = {isa = PBXFileReference; fileEncoding = 4; lastKnownFileType = sourcecode.c.objc; path = IGKApplicationDelegate.m; sourceTree = "<group>"; };
		756F9DAC110BB55100E6F291 /* BWToolkitFramework.framework */ = {isa = PBXFileReference; lastKnownFileType = wrapper.framework; path = BWToolkitFramework.framework; sourceTree = "<group>"; };
		756F9DFC110BB71700E6F291 /* IngredientsKit.h */ = {isa = PBXFileReference; fileEncoding = 4; lastKnownFileType = sourcecode.c.h; path = IngredientsKit.h; sourceTree = "<group>"; };
		756F9E0A110BB79100E6F291 /* IGKWindowController.h */ = {isa = PBXFileReference; fileEncoding = 4; lastKnownFileType = sourcecode.c.h; path = IGKWindowController.h; sourceTree = "<group>"; };
		756F9E0B110BB79100E6F291 /* IGKWindowController.m */ = {isa = PBXFileReference; fileEncoding = 4; lastKnownFileType = sourcecode.c.objc; path = IGKWindowController.m; sourceTree = "<group>"; };
		756F9E60110BE76600E6F291 /* WebKit.framework */ = {isa = PBXFileReference; lastKnownFileType = wrapper.framework; name = WebKit.framework; path = System/Library/Frameworks/WebKit.framework; sourceTree = SDKROOT; };
		756F9F9F110BEA8D00E6F291 /* CHLeftSplitVIew.h */ = {isa = PBXFileReference; fileEncoding = 4; lastKnownFileType = sourcecode.c.h; path = CHLeftSplitVIew.h; sourceTree = "<group>"; };
		756F9FA0110BEA8D00E6F291 /* CHLeftSplitView.m */ = {isa = PBXFileReference; fileEncoding = 4; lastKnownFileType = sourcecode.c.objc; path = CHLeftSplitView.m; sourceTree = "<group>"; };
		756F9FF9110C805C00E6F291 /* IGKScraper.h */ = {isa = PBXFileReference; fileEncoding = 4; lastKnownFileType = sourcecode.c.h; path = IGKScraper.h; sourceTree = "<group>"; };
		756F9FFA110C805C00E6F291 /* IGKScraper.m */ = {isa = PBXFileReference; fileEncoding = 4; lastKnownFileType = sourcecode.c.objc; path = IGKScraper.m; sourceTree = "<group>"; };
		75751B23117B599E0017B58B /* IGKFindWindow.h */ = {isa = PBXFileReference; fileEncoding = 4; lastKnownFileType = sourcecode.c.h; path = IGKFindWindow.h; sourceTree = "<group>"; };
		75751B24117B599E0017B58B /* IGKFindWindow.m */ = {isa = PBXFileReference; fileEncoding = 4; lastKnownFileType = sourcecode.c.objc; path = IGKFindWindow.m; sourceTree = "<group>"; };
		75751B8E117B641D0017B58B /* IGKResizeDelegatedView.h */ = {isa = PBXFileReference; fileEncoding = 4; lastKnownFileType = sourcecode.c.h; path = IGKResizeDelegatedView.h; sourceTree = "<group>"; };
		75751B8F117B641D0017B58B /* IGKResizeDelegatedView.m */ = {isa = PBXFileReference; fileEncoding = 4; lastKnownFileType = sourcecode.c.objc; path = IGKResizeDelegatedView.m; sourceTree = "<group>"; };
		757654081179243D0099D318 /* IGKFilterBarTableView.h */ = {isa = PBXFileReference; fileEncoding = 4; lastKnownFileType = sourcecode.c.h; path = IGKFilterBarTableView.h; sourceTree = "<group>"; };
		757654091179243D0099D318 /* IGKFilterBarTableView.m */ = {isa = PBXFileReference; fileEncoding = 4; lastKnownFileType = sourcecode.c.objc; path = IGKFilterBarTableView.m; sourceTree = "<group>"; };
		758027A61147E9BF00FCE783 /* IngredientsRevisedDataModel.xcdatamodel */ = {isa = PBXFileReference; fileEncoding = 4; lastKnownFileType = wrapper.xcdatamodel; path = IngredientsRevisedDataModel.xcdatamodel; sourceTree = "<group>"; };
		75901BED1129FC2100BA0316 /* Credits.rtf */ = {isa = PBXFileReference; lastKnownFileType = text.rtf; name = Credits.rtf; path = English.lproj/Credits.rtf; sourceTree = "<group>"; };
		759030211139BFF500550A86 /* IGKMatteSegmentedControl.h */ = {isa = PBXFileReference; fileEncoding = 4; lastKnownFileType = sourcecode.c.h; path = IGKMatteSegmentedControl.h; sourceTree = "<group>"; };
		759030221139BFF500550A86 /* IGKMatteSegmentedControl.m */ = {isa = PBXFileReference; fileEncoding = 4; lastKnownFileType = sourcecode.c.objc; path = IGKMatteSegmentedControl.m; sourceTree = "<group>"; };
		75943BA4114407C2004126E7 /* Sparkle.framework */ = {isa = PBXFileReference; lastKnownFileType = wrapper.framework; path = Sparkle.framework; sourceTree = "<group>"; };
		75943C0911441AE0004126E7 /* IGKBackForwardManager.h */ = {isa = PBXFileReference; fileEncoding = 4; lastKnownFileType = sourcecode.c.h; path = IGKBackForwardManager.h; sourceTree = "<group>"; };
		75943C0A11441AE0004126E7 /* IGKBackForwardManager.m */ = {isa = PBXFileReference; fileEncoding = 4; lastKnownFileType = sourcecode.c.objc; path = IGKBackForwardManager.m; sourceTree = "<group>"; };
		759ECF99113344CC00067BD1 /* IGKShyTableView.h */ = {isa = PBXFileReference; fileEncoding = 4; lastKnownFileType = sourcecode.c.h; path = IGKShyTableView.h; sourceTree = "<group>"; };
		759ECF9A113344CC00067BD1 /* IGKShyTableView.m */ = {isa = PBXFileReference; fileEncoding = 4; lastKnownFileType = sourcecode.c.objc; path = IGKShyTableView.m; sourceTree = "<group>"; };
		759ECFA1113349D700067BD1 /* IGKMultiSelector.h */ = {isa = PBXFileReference; fileEncoding = 4; lastKnownFileType = sourcecode.c.h; path = IGKMultiSelector.h; sourceTree = "<group>"; };
		759ECFA2113349D700067BD1 /* IGKMultiSelector.m */ = {isa = PBXFileReference; fileEncoding = 4; lastKnownFileType = sourcecode.c.objc; path = IGKMultiSelector.m; sourceTree = "<group>"; };
		759ECFA511334CE100067BD1 /* MultiSel_AdvSearch_Norm.png */ = {isa = PBXFileReference; lastKnownFileType = image.png; path = MultiSel_AdvSearch_Norm.png; sourceTree = "<group>"; };
		759ECFA611334CE100067BD1 /* MultiSel_AdvSearch_NormHov.png */ = {isa = PBXFileReference; lastKnownFileType = image.png; path = MultiSel_AdvSearch_NormHov.png; sourceTree = "<group>"; };
		759ECFA711334CE100067BD1 /* MultiSel_AdvSearch_Sel.png */ = {isa = PBXFileReference; lastKnownFileType = image.png; path = MultiSel_AdvSearch_Sel.png; sourceTree = "<group>"; };
		759ECFA811334CE100067BD1 /* MultiSel_Divider.png */ = {isa = PBXFileReference; lastKnownFileType = image.png; path = MultiSel_Divider.png; sourceTree = "<group>"; };
		759ECFA911334CE100067BD1 /* MultiSel_NoSearch_Norm.png */ = {isa = PBXFileReference; lastKnownFileType = image.png; path = MultiSel_NoSearch_Norm.png; sourceTree = "<group>"; };
		759ECFAA11334CE100067BD1 /* MultiSel_NoSearch_NormHov.png */ = {isa = PBXFileReference; lastKnownFileType = image.png; path = MultiSel_NoSearch_NormHov.png; sourceTree = "<group>"; };
		759ECFAB11334CE100067BD1 /* MultiSel_NoSearch_Sel.png */ = {isa = PBXFileReference; lastKnownFileType = image.png; path = MultiSel_NoSearch_Sel.png; sourceTree = "<group>"; };
		759ECFAC11334CE100067BD1 /* MultiSel_SideSearch_Norm.png */ = {isa = PBXFileReference; lastKnownFileType = image.png; path = MultiSel_SideSearch_Norm.png; sourceTree = "<group>"; };
		759ECFAD11334CE100067BD1 /* MultiSel_SideSearch_NormHov.png */ = {isa = PBXFileReference; lastKnownFileType = image.png; path = MultiSel_SideSearch_NormHov.png; sourceTree = "<group>"; };
		759ECFAE11334CE100067BD1 /* MultiSel_SideSearch_Sel.png */ = {isa = PBXFileReference; lastKnownFileType = image.png; path = MultiSel_SideSearch_Sel.png; sourceTree = "<group>"; };
		759ECFAF11334CE100067BD1 /* MultiSel_window_frame_button_active_left.png */ = {isa = PBXFileReference; lastKnownFileType = image.png; path = MultiSel_window_frame_button_active_left.png; sourceTree = "<group>"; };
		759ECFB011334CE100067BD1 /* MultiSel_window_frame_button_active_middle.png */ = {isa = PBXFileReference; lastKnownFileType = image.png; path = MultiSel_window_frame_button_active_middle.png; sourceTree = "<group>"; };
		759ECFB111334CE100067BD1 /* MultiSel_window_frame_button_active_right.png */ = {isa = PBXFileReference; lastKnownFileType = image.png; path = MultiSel_window_frame_button_active_right.png; sourceTree = "<group>"; };
		759ECFC211334D9800067BD1 /* IGKWindow.h */ = {isa = PBXFileReference; fileEncoding = 4; lastKnownFileType = sourcecode.c.h; path = IGKWindow.h; sourceTree = "<group>"; };
		759ECFC311334D9800067BD1 /* IGKWindow.m */ = {isa = PBXFileReference; fileEncoding = 4; lastKnownFileType = sourcecode.c.objc; path = IGKWindow.m; sourceTree = "<group>"; };
		75A1C05111431A48005489E4 /* MS_Browser_S.png */ = {isa = PBXFileReference; lastKnownFileType = image.png; name = MS_Browser_S.png; path = MultiSel/MS_Browser_S.png; sourceTree = "<group>"; };
		75A1C05211431A48005489E4 /* MS_Browser.png */ = {isa = PBXFileReference; lastKnownFileType = image.png; name = MS_Browser.png; path = MultiSel/MS_Browser.png; sourceTree = "<group>"; };
		75A1C05311431A48005489E4 /* MS_Search_S.png */ = {isa = PBXFileReference; lastKnownFileType = image.png; name = MS_Search_S.png; path = MultiSel/MS_Search_S.png; sourceTree = "<group>"; };
		75A1C05411431A48005489E4 /* MS_Search.png */ = {isa = PBXFileReference; lastKnownFileType = image.png; name = MS_Search.png; path = MultiSel/MS_Search.png; sourceTree = "<group>"; };
		75A1C05511431A48005489E4 /* MS_Side_S.png */ = {isa = PBXFileReference; lastKnownFileType = image.png; name = MS_Side_S.png; path = MultiSel/MS_Side_S.png; sourceTree = "<group>"; };
		75A1C05611431A48005489E4 /* MS_Side.png */ = {isa = PBXFileReference; lastKnownFileType = image.png; name = MS_Side.png; path = MultiSel/MS_Side.png; sourceTree = "<group>"; };
		75A1C0B611432C90005489E4 /* HistorySelLeft.png */ = {isa = PBXFileReference; lastKnownFileType = image.png; name = HistorySelLeft.png; path = MultiSel/HistorySelLeft.png; sourceTree = "<group>"; };
		75A1C0B711432C90005489E4 /* HistorySelRight.png */ = {isa = PBXFileReference; lastKnownFileType = image.png; name = HistorySelRight.png; path = MultiSel/HistorySelRight.png; sourceTree = "<group>"; };
		75A1C0C611432E85005489E4 /* HistorySelLeft_S.png */ = {isa = PBXFileReference; lastKnownFileType = image.png; name = HistorySelLeft_S.png; path = MultiSel/HistorySelLeft_S.png; sourceTree = "<group>"; };
		75A1C0C711432E85005489E4 /* HistorySelRight_S.png */ = {isa = PBXFileReference; lastKnownFileType = image.png; name = HistorySelRight_S.png; path = MultiSel/HistorySelRight_S.png; sourceTree = "<group>"; };
		75A4B48311429ECD008CA9E8 /* IGKTableOfContentsView.h */ = {isa = PBXFileReference; fileEncoding = 4; lastKnownFileType = sourcecode.c.h; path = IGKTableOfContentsView.h; sourceTree = "<group>"; };
		75A4B48411429ECD008CA9E8 /* IGKTableOfContentsView.m */ = {isa = PBXFileReference; fileEncoding = 4; lastKnownFileType = sourcecode.c.objc; path = IGKTableOfContentsView.m; sourceTree = "<group>"; };
		75A9AA9A11495DA300E539F2 /* IGKEaseInOutAnimatedView.h */ = {isa = PBXFileReference; fileEncoding = 4; lastKnownFileType = sourcecode.c.h; path = IGKEaseInOutAnimatedView.h; sourceTree = "<group>"; };
		75A9AA9B11495DA300E539F2 /* IGKEaseInOutAnimatedView.m */ = {isa = PBXFileReference; fileEncoding = 4; lastKnownFileType = sourcecode.c.objc; path = IGKEaseInOutAnimatedView.m; sourceTree = "<group>"; };
		75A9AAA811495F2300E539F2 /* QuartzCore.framework */ = {isa = PBXFileReference; lastKnownFileType = wrapper.framework; name = QuartzCore.framework; path = System/Library/Frameworks/QuartzCore.framework; sourceTree = SDKROOT; };
		75A9DA6511411C49003F8437 /* NSXMLNode+IGKAdditions.h */ = {isa = PBXFileReference; fileEncoding = 4; lastKnownFileType = sourcecode.c.h; path = "NSXMLNode+IGKAdditions.h"; sourceTree = "<group>"; };
		75A9DA6611411C49003F8437 /* NSXMLNode+IGKAdditions.m */ = {isa = PBXFileReference; fileEncoding = 4; lastKnownFileType = sourcecode.c.objc; path = "NSXMLNode+IGKAdditions.m"; sourceTree = "<group>"; };
		75ACEC57117A539600260366 /* IGKFindBackgroundView.h */ = {isa = PBXFileReference; fileEncoding = 4; lastKnownFileType = sourcecode.c.h; path = IGKFindBackgroundView.h; sourceTree = "<group>"; };
		75ACEC58117A539600260366 /* IGKFindBackgroundView.m */ = {isa = PBXFileReference; fileEncoding = 4; lastKnownFileType = sourcecode.c.objc; path = IGKFindBackgroundView.m; sourceTree = "<group>"; };
		75ADECE8118E0B9500C57C77 /* IGKWordMembership.h */ = {isa = PBXFileReference; fileEncoding = 4; lastKnownFileType = sourcecode.c.h; path = IGKWordMembership.h; sourceTree = "<group>"; };
		75ADECE9118E0B9500C57C77 /* IGKWordMembership.m */ = {isa = PBXFileReference; fileEncoding = 4; lastKnownFileType = sourcecode.c.objc; path = IGKWordMembership.m; sourceTree = "<group>"; };
		75B23906113FB4D300EC1D2B /* IGKDocSetManagedObject.h */ = {isa = PBXFileReference; fileEncoding = 4; lastKnownFileType = sourcecode.c.h; path = IGKDocSetManagedObject.h; sourceTree = "<group>"; };
		75B23907113FB4D300EC1D2B /* IGKDocSetManagedObject.m */ = {isa = PBXFileReference; fileEncoding = 4; lastKnownFileType = sourcecode.c.objc; path = IGKDocSetManagedObject.m; sourceTree = "<group>"; };
		75B23F4511401DD700EC1D2B /* PFMoveApplication.h */ = {isa = PBXFileReference; fileEncoding = 4; lastKnownFileType = sourcecode.c.h; name = PFMoveApplication.h; path = LetsMove/PFMoveApplication.h; sourceTree = "<group>"; };
		75B23F4611401DD700EC1D2B /* PFMoveApplication.m */ = {isa = PBXFileReference; fileEncoding = 4; lastKnownFileType = sourcecode.c.objc; name = PFMoveApplication.m; path = LetsMove/PFMoveApplication.m; sourceTree = "<group>"; };
		75B23F691140216200EC1D2B /* Security.framework */ = {isa = PBXFileReference; lastKnownFileType = wrapper.framework; name = Security.framework; path = System/Library/Frameworks/Security.framework; sourceTree = SDKROOT; };
		75B534F7111076C000560848 /* View_AdvSearchTemplate.png */ = {isa = PBXFileReference; lastKnownFileType = image.png; name = View_AdvSearchTemplate.png; path = Images/View_AdvSearchTemplate.png; sourceTree = "<group>"; };
		75B534F8111076C000560848 /* View_NoSearchTemplate.png */ = {isa = PBXFileReference; lastKnownFileType = image.png; name = View_NoSearchTemplate.png; path = Images/View_NoSearchTemplate.png; sourceTree = "<group>"; };
		75B534F9111076C000560848 /* View_SideSearchTemplate.png */ = {isa = PBXFileReference; lastKnownFileType = image.png; name = View_SideSearchTemplate.png; path = Images/View_SideSearchTemplate.png; sourceTree = "<group>"; };
		75BD176A1143E6C300E67594 /* IGKPreferences.xib */ = {isa = PBXFileReference; lastKnownFileType = file.xib; path = IGKPreferences.xib; sourceTree = "<group>"; };
		75BD17751143E7F000E67594 /* TBReSparkle.png */ = {isa = PBXFileReference; lastKnownFileType = image.png; path = TBReSparkle.png; sourceTree = "<group>"; };
		75BD177C1143E94000E67594 /* IGKPreferencesController.h */ = {isa = PBXFileReference; fileEncoding = 4; lastKnownFileType = sourcecode.c.h; path = IGKPreferencesController.h; sourceTree = "<group>"; };
		75BD177D1143E94000E67594 /* IGKPreferencesController.m */ = {isa = PBXFileReference; fileEncoding = 4; lastKnownFileType = sourcecode.c.objc; path = IGKPreferencesController.m; sourceTree = "<group>"; };
		75BD17C51143F37E00E67594 /* SQPreferencesBackgroundComponent.m */ = {isa = PBXFileReference; fileEncoding = 4; lastKnownFileType = sourcecode.c.objc; path = SQPreferencesBackgroundComponent.m; sourceTree = "<group>"; };
		75BD17C71143F38800E67594 /* SQPreferencesBackgroundComponent.h */ = {isa = PBXFileReference; fileEncoding = 4; lastKnownFileType = sourcecode.c.h; path = SQPreferencesBackgroundComponent.h; sourceTree = "<group>"; };
		75C749FE1140415F00E3EAC6 /* ToC_All_S.png */ = {isa = PBXFileReference; lastKnownFileType = image.png; name = ToC_All_S.png; path = TableOfContents/ToC_All_S.png; sourceTree = "<group>"; };
		75C749FF1140415F00E3EAC6 /* ToC_All.png */ = {isa = PBXFileReference; lastKnownFileType = image.png; name = ToC_All.png; path = TableOfContents/ToC_All.png; sourceTree = "<group>"; };
		75C74A001140415F00E3EAC6 /* ToC_Delegate_S.png */ = {isa = PBXFileReference; lastKnownFileType = image.png; name = ToC_Delegate_S.png; path = TableOfContents/ToC_Delegate_S.png; sourceTree = "<group>"; };
		75C74A011140415F00E3EAC6 /* ToC_Delegate.png */ = {isa = PBXFileReference; lastKnownFileType = image.png; name = ToC_Delegate.png; path = TableOfContents/ToC_Delegate.png; sourceTree = "<group>"; };
		75C74A021140415F00E3EAC6 /* ToC_Methods_S.png */ = {isa = PBXFileReference; lastKnownFileType = image.png; name = ToC_Methods_S.png; path = TableOfContents/ToC_Methods_S.png; sourceTree = "<group>"; };
		75C74A031140415F00E3EAC6 /* ToC_Methods.png */ = {isa = PBXFileReference; lastKnownFileType = image.png; name = ToC_Methods.png; path = TableOfContents/ToC_Methods.png; sourceTree = "<group>"; };
		75C74A041140415F00E3EAC6 /* ToC_Notifications_S.png */ = {isa = PBXFileReference; lastKnownFileType = image.png; name = ToC_Notifications_S.png; path = TableOfContents/ToC_Notifications_S.png; sourceTree = "<group>"; };
		75C74A051140415F00E3EAC6 /* ToC_Notifications.png */ = {isa = PBXFileReference; lastKnownFileType = image.png; name = ToC_Notifications.png; path = TableOfContents/ToC_Notifications.png; sourceTree = "<group>"; };
		75C74A061140415F00E3EAC6 /* ToC_Properties_S.png */ = {isa = PBXFileReference; lastKnownFileType = image.png; name = ToC_Properties_S.png; path = TableOfContents/ToC_Properties_S.png; sourceTree = "<group>"; };
		75C74A071140415F00E3EAC6 /* ToC_Properties.png */ = {isa = PBXFileReference; lastKnownFileType = image.png; name = ToC_Properties.png; path = TableOfContents/ToC_Properties.png; sourceTree = "<group>"; };
		75C74A081140415F00E3EAC6 /* ToC_Overview_S.png */ = {isa = PBXFileReference; lastKnownFileType = image.png; name = ToC_Overview_S.png; path = TableOfContents/ToC_Overview_S.png; sourceTree = "<group>"; };
		75C74A091140415F00E3EAC6 /* ToC_Overview.png */ = {isa = PBXFileReference; lastKnownFileType = image.png; name = ToC_Overview.png; path = TableOfContents/ToC_Overview.png; sourceTree = "<group>"; };
		75C74A4C11404B0800E3EAC6 /* ToC_Bindings.png */ = {isa = PBXFileReference; lastKnownFileType = image.png; name = ToC_Bindings.png; path = TableOfContents/ToC_Bindings.png; sourceTree = "<group>"; };
		75C74A5511404FD800E3EAC6 /* ToC_Bindings_S.png */ = {isa = PBXFileReference; lastKnownFileType = image.png; name = ToC_Bindings_S.png; path = TableOfContents/ToC_Bindings_S.png; sourceTree = "<group>"; };
		75C74A5E1140539B00E3EAC6 /* IGKSometimesCenteredTextCell.h */ = {isa = PBXFileReference; fileEncoding = 4; lastKnownFileType = sourcecode.c.h; path = IGKSometimesCenteredTextCell.h; sourceTree = "<group>"; };
		75C74A5F1140539B00E3EAC6 /* IGKSometimesCenteredTextCell.m */ = {isa = PBXFileReference; fileEncoding = 4; lastKnownFileType = sourcecode.c.objc; path = IGKSometimesCenteredTextCell.m; sourceTree = "<group>"; };
		75C914E111374B8000F0D7EC /* ingredients.icns */ = {isa = PBXFileReference; lastKnownFileType = image.icns; path = ingredients.icns; sourceTree = "<group>"; };
		75C9FE8E110F53E400C9B51C /* IGKHTMLGenerator.h */ = {isa = PBXFileReference; fileEncoding = 4; lastKnownFileType = sourcecode.c.h; path = IGKHTMLGenerator.h; sourceTree = "<group>"; };
		75C9FE8F110F53E400C9B51C /* IGKHTMLGenerator.m */ = {isa = PBXFileReference; fileEncoding = 4; lastKnownFileType = sourcecode.c.objc; path = IGKHTMLGenerator.m; sourceTree = "<group>"; };
		75C9FF03110F868300C9B51C /* main.css */ = {isa = PBXFileReference; fileEncoding = 4; lastKnownFileType = text.css; name = main.css; path = HTML_Example/main.css; sourceTree = "<group>"; };
		75DF96DC117E32E100403233 /* IGKMattePopUpButtonView.h */ = {isa = PBXFileReference; fileEncoding = 4; lastKnownFileType = sourcecode.c.h; path = IGKMattePopUpButtonView.h; sourceTree = "<group>"; };
		75DF96DD117E32E100403233 /* IGKMattePopUpButtonView.m */ = {isa = PBXFileReference; fileEncoding = 4; lastKnownFileType = sourcecode.c.objc; path = IGKMattePopUpButtonView.m; sourceTree = "<group>"; };
		75DF96E8117E350600403233 /* IGKMatteFocusedGradientBox.h */ = {isa = PBXFileReference; fileEncoding = 4; lastKnownFileType = sourcecode.c.h; path = IGKMatteFocusedGradientBox.h; sourceTree = "<group>"; };
		75DF96E9117E350600403233 /* IGKMatteFocusedGradientBox.m */ = {isa = PBXFileReference; fileEncoding = 4; lastKnownFileType = sourcecode.c.objc; path = IGKMatteFocusedGradientBox.m; sourceTree = "<group>"; };
		75F6702F110CCD31005F299C /* RegexKitLite.h */ = {isa = PBXFileReference; fileEncoding = 4; lastKnownFileType = sourcecode.c.h; path = RegexKitLite.h; sourceTree = "<group>"; };
		75F67030110CCD31005F299C /* RegexKitLite.m */ = {isa = PBXFileReference; fileEncoding = 4; lastKnownFileType = sourcecode.c.objc; path = RegexKitLite.m; sourceTree = "<group>"; };
		75F67043110CD033005F299C /* libicucore.dylib */ = {isa = PBXFileReference; lastKnownFileType = "compiled.mach-o.dylib"; name = libicucore.dylib; path = usr/lib/libicucore.dylib; sourceTree = SDKROOT; };
		75F672A9110E254A005F299C /* IGKDocRecordManagedObject.h */ = {isa = PBXFileReference; fileEncoding = 4; lastKnownFileType = sourcecode.c.h; path = IGKDocRecordManagedObject.h; sourceTree = "<group>"; };
		75F672AA110E254A005F299C /* IGKDocRecordManagedObject.m */ = {isa = PBXFileReference; fileEncoding = 4; lastKnownFileType = sourcecode.c.objc; path = IGKDocRecordManagedObject.m; sourceTree = "<group>"; };
		770B37EC0679A11B001EADE2 /* Ingredients_DataModel.xcdatamodel */ = {isa = PBXFileReference; fileEncoding = 4; lastKnownFileType = wrapper.xcdatamodel; path = Ingredients_DataModel.xcdatamodel; sourceTree = "<group>"; };
		77C82804067257F0000B614F /* CoreData.framework */ = {isa = PBXFileReference; lastKnownFileType = wrapper.framework; name = CoreData.framework; path = /System/Library/Frameworks/CoreData.framework; sourceTree = "<absolute>"; };
		77C8280B06725ACE000B614F /* Ingredients_AppDelegate.h */ = {isa = PBXFileReference; fileEncoding = 4; lastKnownFileType = sourcecode.c.h; path = Ingredients_AppDelegate.h; sourceTree = "<group>"; };
		77C8280C06725ACE000B614F /* Ingredients_AppDelegate.m */ = {isa = PBXFileReference; fileEncoding = 4; lastKnownFileType = sourcecode.c.objc; path = Ingredients_AppDelegate.m; sourceTree = "<group>"; };
		8D1107310486CEB800E47090 /* Ingredients-Info.plist */ = {isa = PBXFileReference; explicitFileType = text.plist.xml; fileEncoding = 4; path = "Ingredients-Info.plist"; sourceTree = "<group>"; };
		8D1107320486CEB800E47090 /* Ingredients.app */ = {isa = PBXFileReference; explicitFileType = wrapper.application; includeInIndex = 0; path = Ingredients.app; sourceTree = BUILT_PRODUCTS_DIR; };
/* End PBXFileReference section */

/* Begin PBXFrameworksBuildPhase section */
		756F9D2D110BA72F00E6F291 /* Frameworks */ = {
			isa = PBXFrameworksBuildPhase;
			buildActionMask = 2147483647;
			files = (
				756F9D4E110BA94500E6F291 /* Cocoa.framework in Frameworks */,
				756F9F0A110BE77300E6F291 /* WebKit.framework in Frameworks */,
				75F67044110CD033005F299C /* libicucore.dylib in Frameworks */,
				75A9AAE111495F2900E539F2 /* QuartzCore.framework in Frameworks */,
			);
			runOnlyForDeploymentPostprocessing = 0;
		};
		8D11072E0486CEB800E47090 /* Frameworks */ = {
			isa = PBXFrameworksBuildPhase;
			buildActionMask = 2147483647;
			files = (
				756F9F19110BE7A400E6F291 /* BWToolkitFramework.framework in Frameworks */,
				756F9E54110BE74100E6F291 /* IngredientsKit.framework in Frameworks */,
				8D11072F0486CEB800E47090 /* Cocoa.framework in Frameworks */,
				75B23F6A1140216200EC1D2B /* Security.framework in Frameworks */,
				75943BA5114407C2004126E7 /* Sparkle.framework in Frameworks */,
				75A9AAA911495F2300E539F2 /* QuartzCore.framework in Frameworks */,
			);
			runOnlyForDeploymentPostprocessing = 0;
		};
/* End PBXFrameworksBuildPhase section */

/* Begin PBXGroup section */
		080E96DDFE201D6D7F000001 /* Classes */ = {
			isa = PBXGroup;
			children = (
				756F9D7F110BB44600E6F291 /* IGKApplicationDelegate.h */,
				756F9D80110BB44600E6F291 /* IGKApplicationDelegate.m */,
				756F9E0A110BB79100E6F291 /* IGKWindowController.h */,
				756F9E0B110BB79100E6F291 /* IGKWindowController.m */,
				751D2AD01126E4A100403E64 /* IGKArrayController.h */,
				751D2AD11126E4A100403E64 /* IGKArrayController.m */,
				75943C0911441AE0004126E7 /* IGKBackForwardManager.h */,
				75943C0A11441AE0004126E7 /* IGKBackForwardManager.m */,
				0C35D866118B657F0013DDFD /* IGKAnnotationManager.h */,
				0C35D867118B657F0013DDFD /* IGKAnnotationManager.m */,
				0C35D86C118B65920013DDFD /* IGKAnnotation.h */,
				0C35D86D118B65920013DDFD /* IGKAnnotation.m */,
				75ADECE8118E0B9500C57C77 /* IGKWordMembership.h */,
				75ADECE9118E0B9500C57C77 /* IGKWordMembership.m */,
				75BD17791143E92700E67594 /* Preferences */,
				756F9FF6110C803D00E6F291 /* Scraping */,
				0C7C02E3110DFFF300412666 /* Views & Cells */,
			);
			name = Classes;
			sourceTree = "<group>";
		};
		0C7C02E3110DFFF300412666 /* Views & Cells */ = {
			isa = PBXGroup;
			children = (
				7590301E1139BFC700550A86 /* Matte White UI */,
				0C7C02EB110E006000412666 /* CHSymbolButtonImage.h */,
				0C7C02EC110E006000412666 /* CHSymbolButtonImage.m */,
				756F9F9F110BEA8D00E6F291 /* CHLeftSplitVIew.h */,
				756F9FA0110BEA8D00E6F291 /* CHLeftSplitView.m */,
				0C7C02E4110E000800412666 /* XBNewSourceListCell.h */,
				759ECF99113344CC00067BD1 /* IGKShyTableView.h */,
				759ECF9A113344CC00067BD1 /* IGKShyTableView.m */,
				759ECFA1113349D700067BD1 /* IGKMultiSelector.h */,
				759ECFA2113349D700067BD1 /* IGKMultiSelector.m */,
				759ECFC211334D9800067BD1 /* IGKWindow.h */,
				759ECFC311334D9800067BD1 /* IGKWindow.m */,
				0C7C02E5110E000800412666 /* XBNewSourceListCell.m */,
				75C9FE8E110F53E400C9B51C /* IGKHTMLGenerator.h */,
				75C9FE8F110F53E400C9B51C /* IGKHTMLGenerator.m */,
				755F42B21123270700AA16F5 /* IGKSourceListWallpaperView.h */,
				755F42B31123270700AA16F5 /* IGKSourceListWallpaperView.m */,
				751D2DC71127354E00403E64 /* IGKNoSelectionOuterView.h */,
				751D2DC81127354E00403E64 /* IGKNoSelectionOuterView.m */,
				751D2DBE1127340700403E64 /* IGKNoSelectionInnerView.h */,
				751D2DBF1127340700403E64 /* IGKNoSelectionInnerView.m */,
				75C74A5E1140539B00E3EAC6 /* IGKSometimesCenteredTextCell.h */,
				75C74A5F1140539B00E3EAC6 /* IGKSometimesCenteredTextCell.m */,
				75A4B48311429ECD008CA9E8 /* IGKTableOfContentsView.h */,
				75A4B48411429ECD008CA9E8 /* IGKTableOfContentsView.m */,
				75A9AA9A11495DA300E539F2 /* IGKEaseInOutAnimatedView.h */,
				75A9AA9B11495DA300E539F2 /* IGKEaseInOutAnimatedView.m */,
				7507CF4311598197008449DE /* IGKPredicateEditor.h */,
				7507CF4411598197008449DE /* IGKPredicateEditor.m */,
				757654081179243D0099D318 /* IGKFilterBarTableView.h */,
				757654091179243D0099D318 /* IGKFilterBarTableView.m */,
				752321C81179DE5400BAEA90 /* IGKBackgroundProgressBar.h */,
				752321C91179DE5400BAEA90 /* IGKBackgroundProgressBar.m */,
				75ACEC57117A539600260366 /* IGKFindBackgroundView.h */,
				75ACEC58117A539600260366 /* IGKFindBackgroundView.m */,
				75751B23117B599E0017B58B /* IGKFindWindow.h */,
				75751B24117B599E0017B58B /* IGKFindWindow.m */,
				75751B8E117B641D0017B58B /* IGKResizeDelegatedView.h */,
				75751B8F117B641D0017B58B /* IGKResizeDelegatedView.m */,
			);
			name = "Views & Cells";
			sourceTree = "<group>";
		};
		1058C7A0FEA54F0111CA2CBB /* Linked Frameworks */ = {
			isa = PBXGroup;
			children = (
				75943BA4114407C2004126E7 /* Sparkle.framework */,
				75F67043110CD033005F299C /* libicucore.dylib */,
				756F9E60110BE76600E6F291 /* WebKit.framework */,
				756F9DAC110BB55100E6F291 /* BWToolkitFramework.framework */,
				1058C7A1FEA54F0111CA2CBB /* Cocoa.framework */,
				75B23F691140216200EC1D2B /* Security.framework */,
				75A9AAA811495F2300E539F2 /* QuartzCore.framework */,
			);
			name = "Linked Frameworks";
			sourceTree = "<group>";
		};
		1058C7A2FEA54F0111CA2CBB /* Other Frameworks */ = {
			isa = PBXGroup;
			children = (
				77C82804067257F0000B614F /* CoreData.framework */,
				29B97325FDCFA39411CA2CEA /* Foundation.framework */,
				29B97324FDCFA39411CA2CEA /* AppKit.framework */,
			);
			name = "Other Frameworks";
			sourceTree = "<group>";
		};
		19C28FACFE9D520D11CA2CBB /* Products */ = {
			isa = PBXGroup;
			children = (
				8D1107320486CEB800E47090 /* Ingredients.app */,
				756F9D2F110BA72F00E6F291 /* IngredientsKit.framework */,
			);
			name = Products;
			sourceTree = "<group>";
		};
		29B97314FDCFA39411CA2CEA /* Ingredients */ = {
			isa = PBXGroup;
			children = (
				756F9D86110BB44F00E6F291 /* Ingredients */,
				756F9D89110BB45600E6F291 /* Ingredients Kit */,
				29B97315FDCFA39411CA2CEA /* Other Sources */,
				29B97317FDCFA39411CA2CEA /* Resources */,
				29B97323FDCFA39411CA2CEA /* Frameworks */,
				19C28FACFE9D520D11CA2CBB /* Products */,
			);
			name = Ingredients;
			sourceTree = "<group>";
		};
		29B97315FDCFA39411CA2CEA /* Other Sources */ = {
			isa = PBXGroup;
			children = (
				0C402C141191C691001564B5 /* NSString+Utilities.h */,
				0C402C151191C691001564B5 /* NSString+Utilities.m */,
				75BD17C71143F38800E67594 /* SQPreferencesBackgroundComponent.h */,
				75BD17C51143F37E00E67594 /* SQPreferencesBackgroundComponent.m */,
				75C9FF03110F868300C9B51C /* main.css */,
				75F6702F110CCD31005F299C /* RegexKitLite.h */,
				75F67030110CCD31005F299C /* RegexKitLite.m */,
				754AA3F81140267300321EAF /* AnthillBugReporter.h */,
				754AA3F91140267300321EAF /* AnthillBugReporter.m */,
				75B23F4511401DD700EC1D2B /* PFMoveApplication.h */,
				75B23F4611401DD700EC1D2B /* PFMoveApplication.m */,
				32CA4F630368D1EE00C91783 /* Ingredients_Prefix.pch */,
				29B97316FDCFA39411CA2CEA /* main.m */,
				755F432011232B2F00AA16F5 /* NSBezierPath+MCAdditions.h */,
				755F432111232B2F00AA16F5 /* NSBezierPath+MCAdditions.m */,
				755F432211232B2F00AA16F5 /* NSShadow+MCAdditions.h */,
				755F432311232B2F00AA16F5 /* NSShadow+MCAdditions.m */,
				75A9DA6511411C49003F8437 /* NSXMLNode+IGKAdditions.h */,
				75A9DA6611411C49003F8437 /* NSXMLNode+IGKAdditions.m */,
			);
			name = "Other Sources";
			sourceTree = "<group>";
		};
		29B97317FDCFA39411CA2CEA /* Resources */ = {
			isa = PBXGroup;
			children = (
				754AA3FB1140267D00321EAF /* AnthillReporter.nib */,
				75901BEC1129FC2100BA0316 /* Credits.rtf */,
				75B534F6111076C000560848 /* Images */,
				75B534F7111076C000560848 /* View_AdvSearchTemplate.png */,
				75B534F8111076C000560848 /* View_NoSearchTemplate.png */,
				75B534F9111076C000560848 /* View_SideSearchTemplate.png */,
				75BD17751143E7F000E67594 /* TBReSparkle.png */,
				755F42AE112326E700AA16F5 /* sourcelist_indexing_wallpaper.png */,
				756D7A8A1145BB11001C05D7 /* Ingredients.sdef */,
				756D7A8B1145BB11001C05D7 /* IngredientsCommand.h */,
				756D7A8C1145BB11001C05D7 /* IngredientsCommand.m */,
				755F427D112323C600AA16F5 /* tictactoe.html */,
				751D2D171126F1F400403E64 /* no_selection.html */,
				751E45D51125E6CE00CD544A /* tictactoe_style.css */,
				8D1107310486CEB800E47090 /* Ingredients-Info.plist */,
				756F9D30110BA72F00E6F291 /* IngredientsKit-Info.plist */,
				75C914E111374B8000F0D7EC /* ingredients.icns */,
				75BD176A1143E6C300E67594 /* IGKPreferences.xib */,
				756F9D77110BB40C00E6F291 /* CHDocumentationBrowser.xib */,
				089C165CFE840E0CC02AAC07 /* InfoPlist.strings */,
				2F7446970DB6B7EA00F9684A /* MainMenu.xib */,
			);
			name = Resources;
			sourceTree = "<group>";
		};
		29B97323FDCFA39411CA2CEA /* Frameworks */ = {
			isa = PBXGroup;
			children = (
				1058C7A0FEA54F0111CA2CBB /* Linked Frameworks */,
				1058C7A2FEA54F0111CA2CBB /* Other Frameworks */,
			);
			name = Frameworks;
			sourceTree = "<group>";
		};
		756F9D86110BB44F00E6F291 /* Ingredients */ = {
			isa = PBXGroup;
			children = (
				756F9D8C110BB46E00E6F291 /* Classes */,
			);
			name = Ingredients;
			sourceTree = "<group>";
		};
		756F9D89110BB45600E6F291 /* Ingredients Kit */ = {
			isa = PBXGroup;
			children = (
				756F9DFC110BB71700E6F291 /* IngredientsKit.h */,
				7756732906782D8800D1FEB8 /* Models */,
				080E96DDFE201D6D7F000001 /* Classes */,
			);
			name = "Ingredients Kit";
			sourceTree = "<group>";
		};
		756F9D8C110BB46E00E6F291 /* Classes */ = {
			isa = PBXGroup;
			children = (
				77C8280B06725ACE000B614F /* Ingredients_AppDelegate.h */,
				77C8280C06725ACE000B614F /* Ingredients_AppDelegate.m */,
			);
			name = Classes;
			sourceTree = "<group>";
		};
		756F9FF6110C803D00E6F291 /* Scraping */ = {
			isa = PBXGroup;
			children = (
				755F437811232C9500AA16F5 /* IGKLaunchController.h */,
				755F437911232C9500AA16F5 /* IGKLaunchController.m */,
				756F9FF9110C805C00E6F291 /* IGKScraper.h */,
				756F9FFA110C805C00E6F291 /* IGKScraper.m */,
			);
			name = Scraping;
			sourceTree = "<group>";
		};
		7590301E1139BFC700550A86 /* Matte White UI */ = {
			isa = PBXGroup;
			children = (
				759030211139BFF500550A86 /* IGKMatteSegmentedControl.h */,
				759030221139BFF500550A86 /* IGKMatteSegmentedControl.m */,
				750DFBCD114671CC004C5D08 /* IGKMattePopUpButton.h */,
				750DFBCE114671CC004C5D08 /* IGKMattePopUpButton.m */,
				75DF96DC117E32E100403233 /* IGKMattePopUpButtonView.h */,
				75DF96DD117E32E100403233 /* IGKMattePopUpButtonView.m */,
				75DF96E8117E350600403233 /* IGKMatteFocusedGradientBox.h */,
				75DF96E9117E350600403233 /* IGKMatteFocusedGradientBox.m */,
			);
			name = "Matte White UI";
			sourceTree = "<group>";
		};
		75B534F6111076C000560848 /* Images */ = {
			isa = PBXGroup;
			children = (
				75A1C0C611432E85005489E4 /* HistorySelLeft_S.png */,
				75A1C0C711432E85005489E4 /* HistorySelRight_S.png */,
				75A1C0B611432C90005489E4 /* HistorySelLeft.png */,
				75A1C0B711432C90005489E4 /* HistorySelRight.png */,
				75C74A281140416C00E3EAC6 /* Table of Contents */,
				75C74A2B1140417D00E3EAC6 /* Multiselector */,
			);
			path = Images;
			sourceTree = "<group>";
		};
		75BD17791143E92700E67594 /* Preferences */ = {
			isa = PBXGroup;
			children = (
				75BD177C1143E94000E67594 /* IGKPreferencesController.h */,
				75BD177D1143E94000E67594 /* IGKPreferencesController.m */,
			);
			name = Preferences;
			sourceTree = "<group>";
		};
		75C74A281140416C00E3EAC6 /* Table of Contents */ = {
			isa = PBXGroup;
			children = (
				75C749FE1140415F00E3EAC6 /* ToC_All_S.png */,
				75C749FF1140415F00E3EAC6 /* ToC_All.png */,
				75C74A4C11404B0800E3EAC6 /* ToC_Bindings.png */,
				75C74A5511404FD800E3EAC6 /* ToC_Bindings_S.png */,
				75C74A001140415F00E3EAC6 /* ToC_Delegate_S.png */,
				75C74A011140415F00E3EAC6 /* ToC_Delegate.png */,
				75C74A021140415F00E3EAC6 /* ToC_Methods_S.png */,
				75C74A031140415F00E3EAC6 /* ToC_Methods.png */,
				75C74A041140415F00E3EAC6 /* ToC_Notifications_S.png */,
				75C74A051140415F00E3EAC6 /* ToC_Notifications.png */,
				75C74A061140415F00E3EAC6 /* ToC_Properties_S.png */,
				75C74A071140415F00E3EAC6 /* ToC_Properties.png */,
				75C74A081140415F00E3EAC6 /* ToC_Overview_S.png */,
				75C74A091140415F00E3EAC6 /* ToC_Overview.png */,
			);
			name = "Table of Contents";
			sourceTree = "<group>";
		};
		75C74A2B1140417D00E3EAC6 /* Multiselector */ = {
			isa = PBXGroup;
			children = (
				75A1C05111431A48005489E4 /* MS_Browser_S.png */,
				75A1C05211431A48005489E4 /* MS_Browser.png */,
				75A1C05311431A48005489E4 /* MS_Search_S.png */,
				75A1C05411431A48005489E4 /* MS_Search.png */,
				75A1C05511431A48005489E4 /* MS_Side_S.png */,
				75A1C05611431A48005489E4 /* MS_Side.png */,
				759ECFA511334CE100067BD1 /* MultiSel_AdvSearch_Norm.png */,
				759ECFA611334CE100067BD1 /* MultiSel_AdvSearch_NormHov.png */,
				759ECFA711334CE100067BD1 /* MultiSel_AdvSearch_Sel.png */,
				759ECFA811334CE100067BD1 /* MultiSel_Divider.png */,
				759ECFA911334CE100067BD1 /* MultiSel_NoSearch_Norm.png */,
				759ECFAA11334CE100067BD1 /* MultiSel_NoSearch_NormHov.png */,
				759ECFAB11334CE100067BD1 /* MultiSel_NoSearch_Sel.png */,
				759ECFAC11334CE100067BD1 /* MultiSel_SideSearch_Norm.png */,
				759ECFAD11334CE100067BD1 /* MultiSel_SideSearch_NormHov.png */,
				759ECFAE11334CE100067BD1 /* MultiSel_SideSearch_Sel.png */,
				759ECFAF11334CE100067BD1 /* MultiSel_window_frame_button_active_left.png */,
				759ECFB011334CE100067BD1 /* MultiSel_window_frame_button_active_middle.png */,
				759ECFB111334CE100067BD1 /* MultiSel_window_frame_button_active_right.png */,
			);
			name = Multiselector;
			sourceTree = "<group>";
		};
		7756732906782D8800D1FEB8 /* Models */ = {
			isa = PBXGroup;
			children = (
				770B37EC0679A11B001EADE2 /* Ingredients_DataModel.xcdatamodel */,
				758027A61147E9BF00FCE783 /* IngredientsRevisedDataModel.xcdatamodel */,
				75F672A9110E254A005F299C /* IGKDocRecordManagedObject.h */,
				75195FB8116D49B00034590C /* IGKManagedObject.h */,
				75195FB9116D49B00034590C /* IGKManagedObject.m */,
				75F672AA110E254A005F299C /* IGKDocRecordManagedObject.m */,
				75B23906113FB4D300EC1D2B /* IGKDocSetManagedObject.h */,
				75B23907113FB4D300EC1D2B /* IGKDocSetManagedObject.m */,
			);
			name = Models;
			sourceTree = "<group>";
		};
/* End PBXGroup section */

/* Begin PBXHeadersBuildPhase section */
		756F9D2A110BA72F00E6F291 /* Headers */ = {
			isa = PBXHeadersBuildPhase;
			buildActionMask = 2147483647;
			files = (
				756F9D81110BB44600E6F291 /* IGKApplicationDelegate.h in Headers */,
				756F9DFD110BB71700E6F291 /* IngredientsKit.h in Headers */,
				756F9E0C110BB79100E6F291 /* IGKWindowController.h in Headers */,
				756F9FA1110BEA8D00E6F291 /* CHLeftSplitVIew.h in Headers */,
				756F9FFB110C805C00E6F291 /* IGKScraper.h in Headers */,
				75F67031110CCD31005F299C /* RegexKitLite.h in Headers */,
				0C7C02E6110E000800412666 /* XBNewSourceListCell.h in Headers */,
				0C7C02ED110E006000412666 /* CHSymbolButtonImage.h in Headers */,
				75F672AB110E254A005F299C /* IGKDocRecordManagedObject.h in Headers */,
				75C9FE90110F53E400C9B51C /* IGKHTMLGenerator.h in Headers */,
				751D2AD21126E4A100403E64 /* IGKArrayController.h in Headers */,
				751D2DC01127340700403E64 /* IGKNoSelectionInnerView.h in Headers */,
				751D2DC91127354E00403E64 /* IGKNoSelectionOuterView.h in Headers */,
				759ECF9B113344CC00067BD1 /* IGKShyTableView.h in Headers */,
				759ECFA3113349D700067BD1 /* IGKMultiSelector.h in Headers */,
				759ECFC411334D9800067BD1 /* IGKWindow.h in Headers */,
				759030231139BFF500550A86 /* IGKMatteSegmentedControl.h in Headers */,
				75B23908113FB4D300EC1D2B /* IGKDocSetManagedObject.h in Headers */,
				75C74A601140539B00E3EAC6 /* IGKSometimesCenteredTextCell.h in Headers */,
				75A9DA6711411C49003F8437 /* NSXMLNode+IGKAdditions.h in Headers */,
				75A4B48511429ECD008CA9E8 /* IGKTableOfContentsView.h in Headers */,
				75BD177E1143E94000E67594 /* IGKPreferencesController.h in Headers */,
				75943C0B11441AE0004126E7 /* IGKBackForwardManager.h in Headers */,
				75A9AA9C11495DA300E539F2 /* IGKEaseInOutAnimatedView.h in Headers */,
				7507CF4511598197008449DE /* IGKPredicateEditor.h in Headers */,
				75195FBA116D49B00034590C /* IGKManagedObject.h in Headers */,
				7576540A1179243D0099D318 /* IGKFilterBarTableView.h in Headers */,
				752321CA1179DE5400BAEA90 /* IGKBackgroundProgressBar.h in Headers */,
				75ACEC59117A539600260366 /* IGKFindBackgroundView.h in Headers */,
				75751B25117B599E0017B58B /* IGKFindWindow.h in Headers */,
				75751B90117B641D0017B58B /* IGKResizeDelegatedView.h in Headers */,
				75DF96DE117E32E100403233 /* IGKMattePopUpButtonView.h in Headers */,
				0C35D868118B657F0013DDFD /* IGKAnnotationManager.h in Headers */,
				0C35D86E118B65920013DDFD /* IGKAnnotation.h in Headers */,
				75ADECEA118E0B9500C57C77 /* IGKWordMembership.h in Headers */,
			);
			runOnlyForDeploymentPostprocessing = 0;
		};
/* End PBXHeadersBuildPhase section */

/* Begin PBXNativeTarget section */
		756F9D2E110BA72F00E6F291 /* IngredientsKit */ = {
			isa = PBXNativeTarget;
			buildConfigurationList = 756F9D34110BA73000E6F291 /* Build configuration list for PBXNativeTarget "IngredientsKit" */;
			buildPhases = (
				756F9D2A110BA72F00E6F291 /* Headers */,
				756F9D2B110BA72F00E6F291 /* Resources */,
				756F9D2C110BA72F00E6F291 /* Sources */,
				756F9D2D110BA72F00E6F291 /* Frameworks */,
			);
			buildRules = (
			);
			dependencies = (
			);
			name = IngredientsKit;
			productName = IngredientsKit;
			productReference = 756F9D2F110BA72F00E6F291 /* IngredientsKit.framework */;
			productType = "com.apple.product-type.framework";
		};
		8D1107260486CEB800E47090 /* Ingredients */ = {
			isa = PBXNativeTarget;
			buildConfigurationList = 26FC0A840875C7B200E6366F /* Build configuration list for PBXNativeTarget "Ingredients" */;
			buildPhases = (
				8D1107290486CEB800E47090 /* Resources */,
				8D11072C0486CEB800E47090 /* Sources */,
				8D11072E0486CEB800E47090 /* Frameworks */,
				756F9DE7110BB59C00E6F291 /* CopyFiles */,
			);
			buildRules = (
			);
			dependencies = (
				75B570631136A52A00EC5FE9 /* PBXTargetDependency */,
			);
			name = Ingredients;
			productInstallPath = "$(HOME)/Applications";
			productName = Ingredients;
			productReference = 8D1107320486CEB800E47090 /* Ingredients.app */;
			productType = "com.apple.product-type.application";
		};
/* End PBXNativeTarget section */

/* Begin PBXProject section */
		29B97313FDCFA39411CA2CEA /* Project object */ = {
			isa = PBXProject;
			buildConfigurationList = 26FC0A880875C7B200E6366F /* Build configuration list for PBXProject "Ingredients" */;
			compatibilityVersion = "Xcode 3.1";
			hasScannedForEncodings = 1;
			mainGroup = 29B97314FDCFA39411CA2CEA /* Ingredients */;
			projectDirPath = "";
			projectRoot = "";
			targets = (
				8D1107260486CEB800E47090 /* Ingredients */,
				756F9D2E110BA72F00E6F291 /* IngredientsKit */,
			);
		};
/* End PBXProject section */

/* Begin PBXResourcesBuildPhase section */
		756F9D2B110BA72F00E6F291 /* Resources */ = {
			isa = PBXResourcesBuildPhase;
			buildActionMask = 2147483647;
			files = (
				756F9D78110BB40C00E6F291 /* CHDocumentationBrowser.xib in Resources */,
			);
			runOnlyForDeploymentPostprocessing = 0;
		};
		8D1107290486CEB800E47090 /* Resources */ = {
			isa = PBXResourcesBuildPhase;
			buildActionMask = 2147483647;
			files = (
				75943BDD1144085D004126E7 /* IGKPreferences.xib in Resources */,
				8D11072B0486CEB800E47090 /* InfoPlist.strings in Resources */,
				756F9D7C110BB42300E6F291 /* MainMenu.xib in Resources */,
				75C9FF05110F868300C9B51C /* main.css in Resources */,
				75B534FA111076C000560848 /* View_AdvSearchTemplate.png in Resources */,
				75B534FB111076C000560848 /* View_NoSearchTemplate.png in Resources */,
				75B534FC111076C000560848 /* View_SideSearchTemplate.png in Resources */,
				755F427E112323C600AA16F5 /* tictactoe.html in Resources */,
				755F42AF112326E700AA16F5 /* sourcelist_indexing_wallpaper.png in Resources */,
				751E45D61125E6CE00CD544A /* tictactoe_style.css in Resources */,
				751D2D181126F1F400403E64 /* no_selection.html in Resources */,
				75901BEE1129FC2100BA0316 /* Credits.rtf in Resources */,
				759ECFB211334CE100067BD1 /* MultiSel_AdvSearch_Norm.png in Resources */,
				759ECFB311334CE100067BD1 /* MultiSel_AdvSearch_NormHov.png in Resources */,
				759ECFB411334CE100067BD1 /* MultiSel_AdvSearch_Sel.png in Resources */,
				759ECFB511334CE100067BD1 /* MultiSel_Divider.png in Resources */,
				759ECFB611334CE100067BD1 /* MultiSel_NoSearch_Norm.png in Resources */,
				759ECFB711334CE100067BD1 /* MultiSel_NoSearch_NormHov.png in Resources */,
				759ECFB811334CE100067BD1 /* MultiSel_NoSearch_Sel.png in Resources */,
				759ECFB911334CE100067BD1 /* MultiSel_SideSearch_Norm.png in Resources */,
				759ECFBA11334CE100067BD1 /* MultiSel_SideSearch_NormHov.png in Resources */,
				759ECFBB11334CE100067BD1 /* MultiSel_SideSearch_Sel.png in Resources */,
				759ECFBC11334CE100067BD1 /* MultiSel_window_frame_button_active_left.png in Resources */,
				759ECFBD11334CE100067BD1 /* MultiSel_window_frame_button_active_middle.png in Resources */,
				759ECFBE11334CE100067BD1 /* MultiSel_window_frame_button_active_right.png in Resources */,
				75C914E211374B8100F0D7EC /* ingredients.icns in Resources */,
				754AA3FC1140267D00321EAF /* AnthillReporter.nib in Resources */,
				75C74A0A1140415F00E3EAC6 /* ToC_All_S.png in Resources */,
				75C74A0B1140415F00E3EAC6 /* ToC_All.png in Resources */,
				75C74A0C1140415F00E3EAC6 /* ToC_Delegate_S.png in Resources */,
				75C74A0D1140415F00E3EAC6 /* ToC_Delegate.png in Resources */,
				75C74A0E1140415F00E3EAC6 /* ToC_Methods_S.png in Resources */,
				75C74A0F1140415F00E3EAC6 /* ToC_Methods.png in Resources */,
				75C74A101140415F00E3EAC6 /* ToC_Notifications_S.png in Resources */,
				75C74A111140415F00E3EAC6 /* ToC_Notifications.png in Resources */,
				75C74A121140415F00E3EAC6 /* ToC_Properties_S.png in Resources */,
				75C74A131140415F00E3EAC6 /* ToC_Properties.png in Resources */,
				75C74A141140415F00E3EAC6 /* ToC_Overview_S.png in Resources */,
				75C74A151140415F00E3EAC6 /* ToC_Overview.png in Resources */,
				75C74A4D11404B0800E3EAC6 /* ToC_Bindings.png in Resources */,
				75C74A5611404FD800E3EAC6 /* ToC_Bindings_S.png in Resources */,
				75A1C05711431A48005489E4 /* MS_Browser_S.png in Resources */,
				75A1C05811431A48005489E4 /* MS_Browser.png in Resources */,
				75A1C05911431A48005489E4 /* MS_Search_S.png in Resources */,
				75A1C05A11431A48005489E4 /* MS_Search.png in Resources */,
				75A1C05B11431A48005489E4 /* MS_Side_S.png in Resources */,
				75A1C05C11431A48005489E4 /* MS_Side.png in Resources */,
				75A1C0B811432C90005489E4 /* HistorySelLeft.png in Resources */,
				75A1C0B911432C90005489E4 /* HistorySelRight.png in Resources */,
				75A1C0C811432E85005489E4 /* HistorySelLeft_S.png in Resources */,
				75A1C0C911432E85005489E4 /* HistorySelRight_S.png in Resources */,
				75BD17761143E7F000E67594 /* TBReSparkle.png in Resources */,
				756D7A8D1145BB11001C05D7 /* Ingredients.sdef in Resources */,
			);
			runOnlyForDeploymentPostprocessing = 0;
		};
/* End PBXResourcesBuildPhase section */

/* Begin PBXSourcesBuildPhase section */
		756F9D2C110BA72F00E6F291 /* Sources */ = {
			isa = PBXSourcesBuildPhase;
			buildActionMask = 2147483647;
			files = (
				756F9D82110BB44600E6F291 /* IGKApplicationDelegate.m in Sources */,
				756F9E0D110BB79100E6F291 /* IGKWindowController.m in Sources */,
				756F9FFC110C805C00E6F291 /* IGKScraper.m in Sources */,
				75F67032110CCD31005F299C /* RegexKitLite.m in Sources */,
				0C7C02E7110E000800412666 /* XBNewSourceListCell.m in Sources */,
				0C7C02EE110E006000412666 /* CHSymbolButtonImage.m in Sources */,
				75F672AC110E254A005F299C /* IGKDocRecordManagedObject.m in Sources */,
				75C9FE91110F53E400C9B51C /* IGKHTMLGenerator.m in Sources */,
				755F42CA1123283A00AA16F5 /* IGKSourceListWallpaperView.m in Sources */,
				755F435C11232C0E00AA16F5 /* NSShadow+MCAdditions.m in Sources */,
				755F435D11232C1200AA16F5 /* NSBezierPath+MCAdditions.m in Sources */,
				755F438111232DA800AA16F5 /* IGKLaunchController.m in Sources */,
				751D2AD31126E4A100403E64 /* IGKArrayController.m in Sources */,
				751D2DC11127340700403E64 /* IGKNoSelectionInnerView.m in Sources */,
				751D2DCA1127354E00403E64 /* IGKNoSelectionOuterView.m in Sources */,
				759ECF9C113344CC00067BD1 /* IGKShyTableView.m in Sources */,
				759ECFA4113349D700067BD1 /* IGKMultiSelector.m in Sources */,
				759ECFC511334D9800067BD1 /* IGKWindow.m in Sources */,
				759030241139BFF500550A86 /* IGKMatteSegmentedControl.m in Sources */,
				75B23909113FB4D300EC1D2B /* IGKDocSetManagedObject.m in Sources */,
				75C74A611140539B00E3EAC6 /* IGKSometimesCenteredTextCell.m in Sources */,
				75A9DA6811411C49003F8437 /* NSXMLNode+IGKAdditions.m in Sources */,
				75A4B48611429ECD008CA9E8 /* IGKTableOfContentsView.m in Sources */,
				75943C0C11441AE0004126E7 /* IGKBackForwardManager.m in Sources */,
				75A9AA9D11495DA300E539F2 /* IGKEaseInOutAnimatedView.m in Sources */,
				7507CF4611598197008449DE /* IGKPredicateEditor.m in Sources */,
				75195FBB116D49B00034590C /* IGKManagedObject.m in Sources */,
				7576540B1179243D0099D318 /* IGKFilterBarTableView.m in Sources */,
				752321CB1179DE5400BAEA90 /* IGKBackgroundProgressBar.m in Sources */,
				75ACEC5A117A539600260366 /* IGKFindBackgroundView.m in Sources */,
				75751B26117B599E0017B58B /* IGKFindWindow.m in Sources */,
				75751B91117B641D0017B58B /* IGKResizeDelegatedView.m in Sources */,
				75DF96DF117E32E100403233 /* IGKMattePopUpButtonView.m in Sources */,
				0C35D869118B657F0013DDFD /* IGKAnnotationManager.m in Sources */,
				0C35D86F118B65920013DDFD /* IGKAnnotation.m in Sources */,
				75ADECEB118E0B9500C57C77 /* IGKWordMembership.m in Sources */,
			);
			runOnlyForDeploymentPostprocessing = 0;
		};
		8D11072C0486CEB800E47090 /* Sources */ = {
			isa = PBXSourcesBuildPhase;
			buildActionMask = 2147483647;
			files = (
				8D11072D0486CEB800E47090 /* main.m in Sources */,
				756F9FB5110BEB5600E6F291 /* CHLeftSplitView.m in Sources */,
				75F671D8110DE8E2005F299C /* Ingredients_DataModel.xcdatamodel in Sources */,
				75B23F4711401DD700EC1D2B /* PFMoveApplication.m in Sources */,
				75B23F6E1140218400EC1D2B /* Ingredients_AppDelegate.m in Sources */,
				754AA3FA1140267300321EAF /* AnthillBugReporter.m in Sources */,
				75BD17C61143F37E00E67594 /* SQPreferencesBackgroundComponent.m in Sources */,
				75943BD1114407D1004126E7 /* IGKPreferencesController.m in Sources */,
				756D7A8E1145BB11001C05D7 /* IngredientsCommand.m in Sources */,
				750DFBCF114671CC004C5D08 /* IGKMattePopUpButton.m in Sources */,
				75DF96EA117E350600403233 /* IGKMatteFocusedGradientBox.m in Sources */,
				0C402C161191C691001564B5 /* NSString+Utilities.m in Sources */,
			);
			runOnlyForDeploymentPostprocessing = 0;
		};
/* End PBXSourcesBuildPhase section */

/* Begin PBXTargetDependency section */
		75B570631136A52A00EC5FE9 /* PBXTargetDependency */ = {
			isa = PBXTargetDependency;
			target = 756F9D2E110BA72F00E6F291 /* IngredientsKit */;
			targetProxy = 75B570621136A52A00EC5FE9 /* PBXContainerItemProxy */;
		};
/* End PBXTargetDependency section */

/* Begin PBXVariantGroup section */
		089C165CFE840E0CC02AAC07 /* InfoPlist.strings */ = {
			isa = PBXVariantGroup;
			children = (
				089C165DFE840E0CC02AAC07 /* English */,
			);
			name = InfoPlist.strings;
			sourceTree = "<group>";
		};
		2F7446970DB6B7EA00F9684A /* MainMenu.xib */ = {
			isa = PBXVariantGroup;
			children = (
				2F7446980DB6B7EA00F9684A /* English */,
			);
			name = MainMenu.xib;
			sourceTree = "<group>";
		};
		75901BEC1129FC2100BA0316 /* Credits.rtf */ = {
			isa = PBXVariantGroup;
			children = (
				75901BED1129FC2100BA0316 /* Credits.rtf */,
			);
			name = Credits.rtf;
			sourceTree = "<group>";
		};
/* End PBXVariantGroup section */

/* Begin XCBuildConfiguration section */
		26FC0A850875C7B200E6366F /* Debug */ = {
			isa = XCBuildConfiguration;
			buildSettings = {
				ARCHS = "$(ARCHS_STANDARD_32_64_BIT)";
				COPY_PHASE_STRIP = NO;
				FRAMEWORK_SEARCH_PATHS = (
					"$(inherited)",
					"\"$(SRCROOT)\"",
				);
				GCC_DYNAMIC_NO_PIC = NO;
				GCC_ENABLE_FIX_AND_CONTINUE = YES;
				GCC_ENABLE_OBJC_EXCEPTIONS = YES;
				GCC_MODEL_TUNING = G5;
				GCC_OPTIMIZATION_LEVEL = 0;
				GCC_PRECOMPILE_PREFIX_HEADER = YES;
				GCC_PREFIX_HEADER = Ingredients_Prefix.pch;
				IBC_PLUGINS = "$(SRCROOT)/BWToolkit.ibplugin";
				INFOPLIST_FILE = "Ingredients-Info.plist";
				INSTALL_PATH = "";
				LD_DYLIB_INSTALL_NAME = "$(DYLIB_INSTALL_NAME_BASE:standardizepath)/$(EXECUTABLE_PATH)";
				PRODUCT_NAME = Ingredients;
				WRAPPER_EXTENSION = app;
			};
			name = Debug;
		};
		26FC0A860875C7B200E6366F /* Release */ = {
			isa = XCBuildConfiguration;
			buildSettings = {
				DEBUG_INFORMATION_FORMAT = "dwarf-with-dsym";
				FRAMEWORK_SEARCH_PATHS = (
					"$(inherited)",
					"\"$(SRCROOT)\"",
				);
				GCC_ENABLE_OBJC_EXCEPTIONS = YES;
				GCC_MODEL_TUNING = G5;
				GCC_PRECOMPILE_PREFIX_HEADER = YES;
				GCC_PREFIX_HEADER = Ingredients_Prefix.pch;
				IBC_PLUGINS = "$(SRCROOT)/BWToolkit.ibplugin";
				INFOPLIST_FILE = "Ingredients-Info.plist";
				INSTALL_PATH = "";
				LD_DYLIB_INSTALL_NAME = "$(DYLIB_INSTALL_NAME_BASE:standardizepath)/$(EXECUTABLE_PATH)";
				PRODUCT_NAME = Ingredients;
				WRAPPER_EXTENSION = app;
			};
			name = Release;
		};
		26FC0A890875C7B200E6366F /* Debug */ = {
			isa = XCBuildConfiguration;
			buildSettings = {
				ARCHS = "$(ARCHS_STANDARD_32_64_BIT)";
				GCC_C_LANGUAGE_STANDARD = gnu99;
				GCC_ENABLE_OBJC_GC = required;
				GCC_WARN_ABOUT_RETURN_TYPE = YES;
				GCC_WARN_UNUSED_VARIABLE = YES;
				ONLY_ACTIVE_ARCH = YES;
				PREBINDING = NO;
				SDKROOT = macosx10.6;
			};
			name = Debug;
		};
		26FC0A8A0875C7B200E6366F /* Release */ = {
			isa = XCBuildConfiguration;
			buildSettings = {
				ARCHS = "$(ARCHS_STANDARD_32_64_BIT)";
				GCC_C_LANGUAGE_STANDARD = gnu99;
				GCC_ENABLE_OBJC_GC = required;
				GCC_PREPROCESSOR_DEFINITIONS = NDEBUG;
				GCC_VERSION = com.apple.compilers.llvm.clang.1_0;
				GCC_WARN_ABOUT_RETURN_TYPE = YES;
				GCC_WARN_UNUSED_VARIABLE = YES;
				PREBINDING = NO;
				SDKROOT = macosx10.6;
			};
			name = Release;
		};
		756F9D32110BA73000E6F291 /* Debug */ = {
			isa = XCBuildConfiguration;
			buildSettings = {
				ALWAYS_SEARCH_USER_PATHS = NO;
				COPY_PHASE_STRIP = NO;
				DYLIB_COMPATIBILITY_VERSION = 1;
				DYLIB_CURRENT_VERSION = 1;
				FRAMEWORK_VERSION = A;
				GCC_DYNAMIC_NO_PIC = NO;
				GCC_ENABLE_FIX_AND_CONTINUE = YES;
				GCC_MODEL_TUNING = G5;
				GCC_OPTIMIZATION_LEVEL = 0;
				GCC_PRECOMPILE_PREFIX_HEADER = YES;
				GCC_PREFIX_HEADER = "$(SYSTEM_LIBRARY_DIR)/Frameworks/AppKit.framework/Headers/AppKit.h";
				INFOPLIST_FILE = "IngredientsKit-Info.plist";
				INSTALL_PATH = "@loader_path/../Frameworks";
				LD_DYLIB_INSTALL_NAME = "@loader_path/../Frameworks/$(EXECUTABLE_PATH)";
				OTHER_LDFLAGS = (
					"-framework",
					Foundation,
					"-framework",
					AppKit,
				);
				PREBINDING = NO;
				PRODUCT_NAME = IngredientsKit;
			};
			name = Debug;
		};
		756F9D33110BA73000E6F291 /* Release */ = {
			isa = XCBuildConfiguration;
			buildSettings = {
				ALWAYS_SEARCH_USER_PATHS = NO;
				COPY_PHASE_STRIP = YES;
				DEBUG_INFORMATION_FORMAT = "dwarf-with-dsym";
				DYLIB_COMPATIBILITY_VERSION = 1;
				DYLIB_CURRENT_VERSION = 1;
				FRAMEWORK_VERSION = A;
				GCC_ENABLE_FIX_AND_CONTINUE = NO;
				GCC_MODEL_TUNING = G5;
				GCC_PRECOMPILE_PREFIX_HEADER = YES;
				GCC_PREFIX_HEADER = "$(SYSTEM_LIBRARY_DIR)/Frameworks/AppKit.framework/Headers/AppKit.h";
				INFOPLIST_FILE = "IngredientsKit-Info.plist";
				INSTALL_PATH = "@loader_path/../Frameworks";
				LD_DYLIB_INSTALL_NAME = "@loader_path/../Frameworks/$(EXECUTABLE_PATH)";
				OTHER_LDFLAGS = (
					"-framework",
					Foundation,
					"-framework",
					AppKit,
				);
				PREBINDING = NO;
				PRODUCT_NAME = IngredientsKit;
				ZERO_LINK = NO;
			};
			name = Release;
		};
/* End XCBuildConfiguration section */

/* Begin XCConfigurationList section */
		26FC0A840875C7B200E6366F /* Build configuration list for PBXNativeTarget "Ingredients" */ = {
			isa = XCConfigurationList;
			buildConfigurations = (
				26FC0A850875C7B200E6366F /* Debug */,
				26FC0A860875C7B200E6366F /* Release */,
			);
			defaultConfigurationIsVisible = 0;
			defaultConfigurationName = Release;
		};
		26FC0A880875C7B200E6366F /* Build configuration list for PBXProject "Ingredients" */ = {
			isa = XCConfigurationList;
			buildConfigurations = (
				26FC0A890875C7B200E6366F /* Debug */,
				26FC0A8A0875C7B200E6366F /* Release */,
			);
			defaultConfigurationIsVisible = 0;
			defaultConfigurationName = Release;
		};
		756F9D34110BA73000E6F291 /* Build configuration list for PBXNativeTarget "IngredientsKit" */ = {
			isa = XCConfigurationList;
			buildConfigurations = (
				756F9D32110BA73000E6F291 /* Debug */,
				756F9D33110BA73000E6F291 /* Release */,
			);
			defaultConfigurationIsVisible = 0;
			defaultConfigurationName = Release;
		};
/* End XCConfigurationList section */
	};
	rootObject = 29B97313FDCFA39411CA2CEA /* Project object */;
}
