// !$*UTF8*$!
{
	archiveVersion = 1;
	classes = {
	};
	objectVersion = 45;
	objects = {

/* Begin PBXBuildFile section */
		756F9D37110BA73C00E6F291 /* Ingredients_DataModel.xcdatamodel in Sources */ = {isa = PBXBuildFile; fileRef = 770B37EC0679A11B001EADE2 /* Ingredients_DataModel.xcdatamodel */; };
		756F9D38110BA74300E6F291 /* Ingredients_AppDelegate.m in Sources */ = {isa = PBXBuildFile; fileRef = 77C8280C06725ACE000B614F /* Ingredients_AppDelegate.m */; };
		756F9D4E110BA94500E6F291 /* Cocoa.framework in Frameworks */ = {isa = PBXBuildFile; fileRef = 1058C7A1FEA54F0111CA2CBB /* Cocoa.framework */; };
		756F9D78110BB40C00E6F291 /* CHDocumentationBrowser.xib in Resources */ = {isa = PBXBuildFile; fileRef = 756F9D77110BB40C00E6F291 /* CHDocumentationBrowser.xib */; };
		756F9D7C110BB42300E6F291 /* MainMenu.xib in Resources */ = {isa = PBXBuildFile; fileRef = 2F7446970DB6B7EA00F9684A /* MainMenu.xib */; };
		756F9D81110BB44600E6F291 /* IGKApplicationDelegate.h in Headers */ = {isa = PBXBuildFile; fileRef = 756F9D7F110BB44600E6F291 /* IGKApplicationDelegate.h */; settings = {ATTRIBUTES = (Public, ); }; };
		756F9D82110BB44600E6F291 /* IGKApplicationDelegate.m in Sources */ = {isa = PBXBuildFile; fileRef = 756F9D80110BB44600E6F291 /* IGKApplicationDelegate.m */; };
		756F9DE3110BB59100E6F291 /* BWToolkitFramework.framework in CopyFiles */ = {isa = PBXBuildFile; fileRef = 756F9DAC110BB55100E6F291 /* BWToolkitFramework.framework */; };
		756F9DFD110BB71700E6F291 /* IngredientsKit.h in Headers */ = {isa = PBXBuildFile; fileRef = 756F9DFC110BB71700E6F291 /* IngredientsKit.h */; settings = {ATTRIBUTES = (Public, ); }; };
		756F9E00110BB74600E6F291 /* IngredientsKit.framework in CopyFiles */ = {isa = PBXBuildFile; fileRef = 756F9D2F110BA72F00E6F291 /* IngredientsKit.framework */; };
		756F9E0C110BB79100E6F291 /* IGKWindowController.h in Headers */ = {isa = PBXBuildFile; fileRef = 756F9E0A110BB79100E6F291 /* IGKWindowController.h */; };
		756F9E0D110BB79100E6F291 /* IGKWindowController.m in Sources */ = {isa = PBXBuildFile; fileRef = 756F9E0B110BB79100E6F291 /* IGKWindowController.m */; };
		756F9E54110BE74100E6F291 /* IngredientsKit.framework in Frameworks */ = {isa = PBXBuildFile; fileRef = 756F9D2F110BA72F00E6F291 /* IngredientsKit.framework */; };
		756F9F0A110BE77300E6F291 /* WebKit.framework in Frameworks */ = {isa = PBXBuildFile; fileRef = 756F9E60110BE76600E6F291 /* WebKit.framework */; };
		756F9F19110BE7A400E6F291 /* BWToolkitFramework.framework in Frameworks */ = {isa = PBXBuildFile; fileRef = 756F9DAC110BB55100E6F291 /* BWToolkitFramework.framework */; };
		756F9FA1110BEA8D00E6F291 /* CHLeftSplitVIew.h in Headers */ = {isa = PBXBuildFile; fileRef = 756F9F9F110BEA8D00E6F291 /* CHLeftSplitVIew.h */; };
		756F9FB5110BEB5600E6F291 /* CHLeftSplitView.m in Sources */ = {isa = PBXBuildFile; fileRef = 756F9FA0110BEA8D00E6F291 /* CHLeftSplitView.m */; };
		756F9FFB110C805C00E6F291 /* IGKScraper.h in Headers */ = {isa = PBXBuildFile; fileRef = 756F9FF9110C805C00E6F291 /* IGKScraper.h */; };
		756F9FFC110C805C00E6F291 /* IGKScraper.m in Sources */ = {isa = PBXBuildFile; fileRef = 756F9FFA110C805C00E6F291 /* IGKScraper.m */; };
		75F67031110CCD31005F299C /* RegexKitLite.h in Headers */ = {isa = PBXBuildFile; fileRef = 75F6702F110CCD31005F299C /* RegexKitLite.h */; };
		75F67032110CCD31005F299C /* RegexKitLite.m in Sources */ = {isa = PBXBuildFile; fileRef = 75F67030110CCD31005F299C /* RegexKitLite.m */; };
		75F67044110CD033005F299C /* libicucore.dylib in Frameworks */ = {isa = PBXBuildFile; fileRef = 75F67043110CD033005F299C /* libicucore.dylib */; };
		8D11072B0486CEB800E47090 /* InfoPlist.strings in Resources */ = {isa = PBXBuildFile; fileRef = 089C165CFE840E0CC02AAC07 /* InfoPlist.strings */; };
		8D11072D0486CEB800E47090 /* main.m in Sources */ = {isa = PBXBuildFile; fileRef = 29B97316FDCFA39411CA2CEA /* main.m */; settings = {ATTRIBUTES = (); }; };
		8D11072F0486CEB800E47090 /* Cocoa.framework in Frameworks */ = {isa = PBXBuildFile; fileRef = 1058C7A1FEA54F0111CA2CBB /* Cocoa.framework */; };
/* End PBXBuildFile section */

/* Begin PBXCopyFilesBuildPhase section */
		756F9DE7110BB59C00E6F291 /* CopyFiles */ = {
			isa = PBXCopyFilesBuildPhase;
			buildActionMask = 2147483647;
			dstPath = "";
			dstSubfolderSpec = 10;
			files = (
				756F9E00110BB74600E6F291 /* IngredientsKit.framework in CopyFiles */,
				756F9DE3110BB59100E6F291 /* BWToolkitFramework.framework in CopyFiles */,
			);
			runOnlyForDeploymentPostprocessing = 0;
		};
/* End PBXCopyFilesBuildPhase section */

/* Begin PBXFileReference section */
		089C165DFE840E0CC02AAC07 /* English */ = {isa = PBXFileReference; fileEncoding = 10; lastKnownFileType = text.plist.strings; name = English; path = English.lproj/InfoPlist.strings; sourceTree = "<group>"; };
		1058C7A1FEA54F0111CA2CBB /* Cocoa.framework */ = {isa = PBXFileReference; lastKnownFileType = wrapper.framework; name = Cocoa.framework; path = /System/Library/Frameworks/Cocoa.framework; sourceTree = "<absolute>"; };
		29B97316FDCFA39411CA2CEA /* main.m */ = {isa = PBXFileReference; fileEncoding = 4; lastKnownFileType = sourcecode.c.objc; path = main.m; sourceTree = "<group>"; };
		29B97324FDCFA39411CA2CEA /* AppKit.framework */ = {isa = PBXFileReference; lastKnownFileType = wrapper.framework; name = AppKit.framework; path = /System/Library/Frameworks/AppKit.framework; sourceTree = "<absolute>"; };
		29B97325FDCFA39411CA2CEA /* Foundation.framework */ = {isa = PBXFileReference; lastKnownFileType = wrapper.framework; name = Foundation.framework; path = /System/Library/Frameworks/Foundation.framework; sourceTree = "<absolute>"; };
		2F7446980DB6B7EA00F9684A /* English */ = {isa = PBXFileReference; lastKnownFileType = file.xib; name = English; path = English.lproj/MainMenu.xib; sourceTree = "<group>"; };
		32CA4F630368D1EE00C91783 /* Ingredients_Prefix.pch */ = {isa = PBXFileReference; fileEncoding = 4; lastKnownFileType = sourcecode.c.h; path = Ingredients_Prefix.pch; sourceTree = "<group>"; };
		756F9D2F110BA72F00E6F291 /* IngredientsKit.framework */ = {isa = PBXFileReference; explicitFileType = wrapper.framework; includeInIndex = 0; path = IngredientsKit.framework; sourceTree = BUILT_PRODUCTS_DIR; };
		756F9D30110BA72F00E6F291 /* IngredientsKit-Info.plist */ = {isa = PBXFileReference; lastKnownFileType = text.plist.xml; path = "IngredientsKit-Info.plist"; sourceTree = "<group>"; };
		756F9D77110BB40C00E6F291 /* CHDocumentationBrowser.xib */ = {isa = PBXFileReference; lastKnownFileType = file.xib; path = CHDocumentationBrowser.xib; sourceTree = "<group>"; };
		756F9D7F110BB44600E6F291 /* IGKApplicationDelegate.h */ = {isa = PBXFileReference; fileEncoding = 4; lastKnownFileType = sourcecode.c.h; path = IGKApplicationDelegate.h; sourceTree = "<group>"; };
		756F9D80110BB44600E6F291 /* IGKApplicationDelegate.m */ = {isa = PBXFileReference; fileEncoding = 4; lastKnownFileType = sourcecode.c.objc; path = IGKApplicationDelegate.m; sourceTree = "<group>"; };
		756F9DAC110BB55100E6F291 /* BWToolkitFramework.framework */ = {isa = PBXFileReference; lastKnownFileType = wrapper.framework; path = BWToolkitFramework.framework; sourceTree = "<group>"; };
		756F9DFC110BB71700E6F291 /* IngredientsKit.h */ = {isa = PBXFileReference; fileEncoding = 4; lastKnownFileType = sourcecode.c.h; path = IngredientsKit.h; sourceTree = "<group>"; };
		756F9E0A110BB79100E6F291 /* IGKWindowController.h */ = {isa = PBXFileReference; fileEncoding = 4; lastKnownFileType = sourcecode.c.h; path = IGKWindowController.h; sourceTree = "<group>"; };
		756F9E0B110BB79100E6F291 /* IGKWindowController.m */ = {isa = PBXFileReference; fileEncoding = 4; lastKnownFileType = sourcecode.c.objc; path = IGKWindowController.m; sourceTree = "<group>"; };
		756F9E60110BE76600E6F291 /* WebKit.framework */ = {isa = PBXFileReference; lastKnownFileType = wrapper.framework; name = WebKit.framework; path = System/Library/Frameworks/WebKit.framework; sourceTree = SDKROOT; };
		756F9F9F110BEA8D00E6F291 /* CHLeftSplitVIew.h */ = {isa = PBXFileReference; fileEncoding = 4; lastKnownFileType = sourcecode.c.h; path = CHLeftSplitVIew.h; sourceTree = "<group>"; };
		756F9FA0110BEA8D00E6F291 /* CHLeftSplitView.m */ = {isa = PBXFileReference; fileEncoding = 4; lastKnownFileType = sourcecode.c.objc; path = CHLeftSplitView.m; sourceTree = "<group>"; };
		756F9FF9110C805C00E6F291 /* IGKScraper.h */ = {isa = PBXFileReference; fileEncoding = 4; lastKnownFileType = sourcecode.c.h; path = IGKScraper.h; sourceTree = "<group>"; };
		756F9FFA110C805C00E6F291 /* IGKScraper.m */ = {isa = PBXFileReference; fileEncoding = 4; lastKnownFileType = sourcecode.c.objc; path = IGKScraper.m; sourceTree = "<group>"; };
		75F6702F110CCD31005F299C /* RegexKitLite.h */ = {isa = PBXFileReference; fileEncoding = 4; lastKnownFileType = sourcecode.c.h; path = RegexKitLite.h; sourceTree = "<group>"; };
		75F67030110CCD31005F299C /* RegexKitLite.m */ = {isa = PBXFileReference; fileEncoding = 4; lastKnownFileType = sourcecode.c.objc; path = RegexKitLite.m; sourceTree = "<group>"; };
		75F67043110CD033005F299C /* libicucore.dylib */ = {isa = PBXFileReference; lastKnownFileType = "compiled.mach-o.dylib"; name = libicucore.dylib; path = usr/lib/libicucore.dylib; sourceTree = SDKROOT; };
		770B37EC0679A11B001EADE2 /* Ingredients_DataModel.xcdatamodel */ = {isa = PBXFileReference; fileEncoding = 4; lastKnownFileType = wrapper.xcdatamodel; path = Ingredients_DataModel.xcdatamodel; sourceTree = "<group>"; };
		77C82804067257F0000B614F /* CoreData.framework */ = {isa = PBXFileReference; lastKnownFileType = wrapper.framework; name = CoreData.framework; path = /System/Library/Frameworks/CoreData.framework; sourceTree = "<absolute>"; };
		77C8280B06725ACE000B614F /* Ingredients_AppDelegate.h */ = {isa = PBXFileReference; fileEncoding = 4; lastKnownFileType = sourcecode.c.h; path = Ingredients_AppDelegate.h; sourceTree = "<group>"; };
		77C8280C06725ACE000B614F /* Ingredients_AppDelegate.m */ = {isa = PBXFileReference; fileEncoding = 4; lastKnownFileType = sourcecode.c.objc; path = Ingredients_AppDelegate.m; sourceTree = "<group>"; };
		8D1107310486CEB800E47090 /* Ingredients-Info.plist */ = {isa = PBXFileReference; explicitFileType = text.plist.xml; fileEncoding = 4; path = "Ingredients-Info.plist"; sourceTree = "<group>"; };
		8D1107320486CEB800E47090 /* Ingredients.app */ = {isa = PBXFileReference; explicitFileType = wrapper.application; includeInIndex = 0; path = Ingredients.app; sourceTree = BUILT_PRODUCTS_DIR; };
/* End PBXFileReference section */

/* Begin PBXFrameworksBuildPhase section */
		756F9D2D110BA72F00E6F291 /* Frameworks */ = {
			isa = PBXFrameworksBuildPhase;
			buildActionMask = 2147483647;
			files = (
				756F9D4E110BA94500E6F291 /* Cocoa.framework in Frameworks */,
				756F9F0A110BE77300E6F291 /* WebKit.framework in Frameworks */,
				75F67044110CD033005F299C /* libicucore.dylib in Frameworks */,
			);
			runOnlyForDeploymentPostprocessing = 0;
		};
		8D11072E0486CEB800E47090 /* Frameworks */ = {
			isa = PBXFrameworksBuildPhase;
			buildActionMask = 2147483647;
			files = (
				756F9F19110BE7A400E6F291 /* BWToolkitFramework.framework in Frameworks */,
				756F9E54110BE74100E6F291 /* IngredientsKit.framework in Frameworks */,
				8D11072F0486CEB800E47090 /* Cocoa.framework in Frameworks */,
			);
			runOnlyForDeploymentPostprocessing = 0;
		};
/* End PBXFrameworksBuildPhase section */

/* Begin PBXGroup section */
		080E96DDFE201D6D7F000001 /* Classes */ = {
			isa = PBXGroup;
			children = (
				756F9D7F110BB44600E6F291 /* IGKApplicationDelegate.h */,
				756F9D80110BB44600E6F291 /* IGKApplicationDelegate.m */,
				756F9E0A110BB79100E6F291 /* IGKWindowController.h */,
				756F9E0B110BB79100E6F291 /* IGKWindowController.m */,
				756F9F9F110BEA8D00E6F291 /* CHLeftSplitVIew.h */,
				756F9FA0110BEA8D00E6F291 /* CHLeftSplitView.m */,
				756F9FF6110C803D00E6F291 /* Scraping */,
			);
			name = Classes;
			sourceTree = "<group>";
		};
		1058C7A0FEA54F0111CA2CBB /* Linked Frameworks */ = {
			isa = PBXGroup;
			children = (
				75F67043110CD033005F299C /* libicucore.dylib */,
				756F9E60110BE76600E6F291 /* WebKit.framework */,
				756F9DAC110BB55100E6F291 /* BWToolkitFramework.framework */,
				1058C7A1FEA54F0111CA2CBB /* Cocoa.framework */,
			);
			name = "Linked Frameworks";
			sourceTree = "<group>";
		};
		1058C7A2FEA54F0111CA2CBB /* Other Frameworks */ = {
			isa = PBXGroup;
			children = (
				77C82804067257F0000B614F /* CoreData.framework */,
				29B97325FDCFA39411CA2CEA /* Foundation.framework */,
				29B97324FDCFA39411CA2CEA /* AppKit.framework */,
			);
			name = "Other Frameworks";
			sourceTree = "<group>";
		};
		19C28FACFE9D520D11CA2CBB /* Products */ = {
			isa = PBXGroup;
			children = (
				8D1107320486CEB800E47090 /* Ingredients.app */,
				756F9D2F110BA72F00E6F291 /* IngredientsKit.framework */,
			);
			name = Products;
			sourceTree = "<group>";
		};
		29B97314FDCFA39411CA2CEA /* Ingredients */ = {
			isa = PBXGroup;
			children = (
				756F9D86110BB44F00E6F291 /* Ingredients */,
				756F9D89110BB45600E6F291 /* Ingredients Kit */,
				29B97315FDCFA39411CA2CEA /* Other Sources */,
				29B97317FDCFA39411CA2CEA /* Resources */,
				29B97323FDCFA39411CA2CEA /* Frameworks */,
				19C28FACFE9D520D11CA2CBB /* Products */,
			);
			name = Ingredients;
			sourceTree = "<group>";
		};
		29B97315FDCFA39411CA2CEA /* Other Sources */ = {
			isa = PBXGroup;
			children = (
				75F6702F110CCD31005F299C /* RegexKitLite.h */,
				75F67030110CCD31005F299C /* RegexKitLite.m */,
				32CA4F630368D1EE00C91783 /* Ingredients_Prefix.pch */,
				29B97316FDCFA39411CA2CEA /* main.m */,
			);
			name = "Other Sources";
			sourceTree = "<group>";
		};
		29B97317FDCFA39411CA2CEA /* Resources */ = {
			isa = PBXGroup;
			children = (
				8D1107310486CEB800E47090 /* Ingredients-Info.plist */,
				756F9D30110BA72F00E6F291 /* IngredientsKit-Info.plist */,
				756F9D77110BB40C00E6F291 /* CHDocumentationBrowser.xib */,
				089C165CFE840E0CC02AAC07 /* InfoPlist.strings */,
				2F7446970DB6B7EA00F9684A /* MainMenu.xib */,
			);
			name = Resources;
			sourceTree = "<group>";
		};
		29B97323FDCFA39411CA2CEA /* Frameworks */ = {
			isa = PBXGroup;
			children = (
				1058C7A0FEA54F0111CA2CBB /* Linked Frameworks */,
				1058C7A2FEA54F0111CA2CBB /* Other Frameworks */,
			);
			name = Frameworks;
			sourceTree = "<group>";
		};
		756F9D86110BB44F00E6F291 /* Ingredients */ = {
			isa = PBXGroup;
			children = (
				756F9D8C110BB46E00E6F291 /* Classes */,
			);
			name = Ingredients;
			sourceTree = "<group>";
		};
		756F9D89110BB45600E6F291 /* Ingredients Kit */ = {
			isa = PBXGroup;
			children = (
				756F9DFC110BB71700E6F291 /* IngredientsKit.h */,
				7756732906782D8800D1FEB8 /* Models */,
				080E96DDFE201D6D7F000001 /* Classes */,
			);
			name = "Ingredients Kit";
			sourceTree = "<group>";
		};
		756F9D8C110BB46E00E6F291 /* Classes */ = {
			isa = PBXGroup;
			children = (
				77C8280B06725ACE000B614F /* Ingredients_AppDelegate.h */,
				77C8280C06725ACE000B614F /* Ingredients_AppDelegate.m */,
			);
			name = Classes;
			sourceTree = "<group>";
		};
		756F9FF6110C803D00E6F291 /* Scraping */ = {
			isa = PBXGroup;
			children = (
				756F9FF9110C805C00E6F291 /* IGKScraper.h */,
				756F9FFA110C805C00E6F291 /* IGKScraper.m */,
			);
			name = Scraping;
			sourceTree = "<group>";
		};
		7756732906782D8800D1FEB8 /* Models */ = {
			isa = PBXGroup;
			children = (
				770B37EC0679A11B001EADE2 /* Ingredients_DataModel.xcdatamodel */,
			);
			name = Models;
			sourceTree = "<group>";
		};
/* End PBXGroup section */

/* Begin PBXHeadersBuildPhase section */
		756F9D2A110BA72F00E6F291 /* Headers */ = {
			isa = PBXHeadersBuildPhase;
			buildActionMask = 2147483647;
			files = (
				756F9D81110BB44600E6F291 /* IGKApplicationDelegate.h in Headers */,
				756F9DFD110BB71700E6F291 /* IngredientsKit.h in Headers */,
				756F9E0C110BB79100E6F291 /* IGKWindowController.h in Headers */,
				756F9FA1110BEA8D00E6F291 /* CHLeftSplitVIew.h in Headers */,
				756F9FFB110C805C00E6F291 /* IGKScraper.h in Headers */,
				75F67031110CCD31005F299C /* RegexKitLite.h in Headers */,
			);
			runOnlyForDeploymentPostprocessing = 0;
		};
/* End PBXHeadersBuildPhase section */

/* Begin PBXNativeTarget section */
		756F9D2E110BA72F00E6F291 /* IngredientsKit */ = {
			isa = PBXNativeTarget;
			buildConfigurationList = 756F9D34110BA73000E6F291 /* Build configuration list for PBXNativeTarget "IngredientsKit" */;
			buildPhases = (
				756F9D2A110BA72F00E6F291 /* Headers */,
				756F9D2B110BA72F00E6F291 /* Resources */,
				756F9D2C110BA72F00E6F291 /* Sources */,
				756F9D2D110BA72F00E6F291 /* Frameworks */,
			);
			buildRules = (
			);
			dependencies = (
			);
			name = IngredientsKit;
			productName = IngredientsKit;
			productReference = 756F9D2F110BA72F00E6F291 /* IngredientsKit.framework */;
			productType = "com.apple.product-type.framework";
		};
		8D1107260486CEB800E47090 /* Ingredients */ = {
			isa = PBXNativeTarget;
			buildConfigurationList = 26FC0A840875C7B200E6366F /* Build configuration list for PBXNativeTarget "Ingredients" */;
			buildPhases = (
				8D1107290486CEB800E47090 /* Resources */,
				8D11072C0486CEB800E47090 /* Sources */,
				8D11072E0486CEB800E47090 /* Frameworks */,
				756F9DE7110BB59C00E6F291 /* CopyFiles */,
			);
			buildRules = (
			);
			dependencies = (
			);
			name = Ingredients;
			productInstallPath = "$(HOME)/Applications";
			productName = Ingredients;
			productReference = 8D1107320486CEB800E47090 /* Ingredients.app */;
			productType = "com.apple.product-type.application";
		};
/* End PBXNativeTarget section */

/* Begin PBXProject section */
		29B97313FDCFA39411CA2CEA /* Project object */ = {
			isa = PBXProject;
			buildConfigurationList = 26FC0A880875C7B200E6366F /* Build configuration list for PBXProject "Ingredients" */;
			compatibilityVersion = "Xcode 3.1";
			hasScannedForEncodings = 1;
			mainGroup = 29B97314FDCFA39411CA2CEA /* Ingredients */;
			projectDirPath = "";
			projectRoot = "";
			targets = (
				8D1107260486CEB800E47090 /* Ingredients */,
				756F9D2E110BA72F00E6F291 /* IngredientsKit */,
			);
		};
/* End PBXProject section */

/* Begin PBXResourcesBuildPhase section */
		756F9D2B110BA72F00E6F291 /* Resources */ = {
			isa = PBXResourcesBuildPhase;
			buildActionMask = 2147483647;
			files = (
				756F9D78110BB40C00E6F291 /* CHDocumentationBrowser.xib in Resources */,
			);
			runOnlyForDeploymentPostprocessing = 0;
		};
		8D1107290486CEB800E47090 /* Resources */ = {
			isa = PBXResourcesBuildPhase;
			buildActionMask = 2147483647;
			files = (
				8D11072B0486CEB800E47090 /* InfoPlist.strings in Resources */,
				756F9D7C110BB42300E6F291 /* MainMenu.xib in Resources */,
			);
			runOnlyForDeploymentPostprocessing = 0;
		};
/* End PBXResourcesBuildPhase section */

/* Begin PBXSourcesBuildPhase section */
		756F9D2C110BA72F00E6F291 /* Sources */ = {
			isa = PBXSourcesBuildPhase;
			buildActionMask = 2147483647;
			files = (
				756F9D37110BA73C00E6F291 /* Ingredients_DataModel.xcdatamodel in Sources */,
				756F9D38110BA74300E6F291 /* Ingredients_AppDelegate.m in Sources */,
				756F9D82110BB44600E6F291 /* IGKApplicationDelegate.m in Sources */,
				756F9E0D110BB79100E6F291 /* IGKWindowController.m in Sources */,
				756F9FFC110C805C00E6F291 /* IGKScraper.m in Sources */,
				75F67032110CCD31005F299C /* RegexKitLite.m in Sources */,
			);
			runOnlyForDeploymentPostprocessing = 0;
		};
		8D11072C0486CEB800E47090 /* Sources */ = {
			isa = PBXSourcesBuildPhase;
			buildActionMask = 2147483647;
			files = (
				8D11072D0486CEB800E47090 /* main.m in Sources */,
				756F9FB5110BEB5600E6F291 /* CHLeftSplitView.m in Sources */,
			);
			runOnlyForDeploymentPostprocessing = 0;
		};
/* End PBXSourcesBuildPhase section */

/* Begin PBXVariantGroup section */
		089C165CFE840E0CC02AAC07 /* InfoPlist.strings */ = {
			isa = PBXVariantGroup;
			children = (
				089C165DFE840E0CC02AAC07 /* English */,
			);
			name = InfoPlist.strings;
			sourceTree = "<group>";
		};
		2F7446970DB6B7EA00F9684A /* MainMenu.xib */ = {
			isa = PBXVariantGroup;
			children = (
				2F7446980DB6B7EA00F9684A /* English */,
			);
			name = MainMenu.xib;
			sourceTree = "<group>";
		};
/* End PBXVariantGroup section */

/* Begin XCBuildConfiguration section */
		26FC0A850875C7B200E6366F /* Debug */ = {
			isa = XCBuildConfiguration;
			buildSettings = {
				ARCHS = "$(ARCHS_STANDARD_32_64_BIT)";
				COPY_PHASE_STRIP = NO;
				FRAMEWORK_SEARCH_PATHS = (
					"$(inherited)",
					"\"$(SRCROOT)\"",
				);
				GCC_DYNAMIC_NO_PIC = NO;
				GCC_ENABLE_FIX_AND_CONTINUE = YES;
				GCC_ENABLE_OBJC_EXCEPTIONS = YES;
				GCC_MODEL_TUNING = G5;
				GCC_OPTIMIZATION_LEVEL = 0;
				GCC_PRECOMPILE_PREFIX_HEADER = YES;
				GCC_PREFIX_HEADER = Ingredients_Prefix.pch;
				INFOPLIST_FILE = "Ingredients-Info.plist";
				INSTALL_PATH = "$(HOME)/Applications";
				PRODUCT_NAME = Ingredients;
				WRAPPER_EXTENSION = app;
			};
			name = Debug;
		};
		26FC0A860875C7B200E6366F /* Release */ = {
			isa = XCBuildConfiguration;
			buildSettings = {
				DEBUG_INFORMATION_FORMAT = "dwarf-with-dsym";
				FRAMEWORK_SEARCH_PATHS = (
					"$(inherited)",
					"\"$(SRCROOT)\"",
				);
				GCC_ENABLE_OBJC_EXCEPTIONS = YES;
				GCC_MODEL_TUNING = G5;
				GCC_PRECOMPILE_PREFIX_HEADER = YES;
				GCC_PREFIX_HEADER = Ingredients_Prefix.pch;
				INFOPLIST_FILE = "Ingredients-Info.plist";
				INSTALL_PATH = "$(HOME)/Applications";
				PRODUCT_NAME = Ingredients;
				WRAPPER_EXTENSION = app;
			};
			name = Release;
		};
		26FC0A890875C7B200E6366F /* Debug */ = {
			isa = XCBuildConfiguration;
			buildSettings = {
				ARCHS = "$(ARCHS_STANDARD_32_64_BIT)";
				GCC_C_LANGUAGE_STANDARD = gnu99;
				GCC_ENABLE_OBJC_GC = required;
				GCC_WARN_ABOUT_RETURN_TYPE = YES;
				GCC_WARN_UNUSED_VARIABLE = YES;
				ONLY_ACTIVE_ARCH = YES;
				PREBINDING = NO;
				SDKROOT = macosx10.6;
			};
			name = Debug;
		};
		26FC0A8A0875C7B200E6366F /* Release */ = {
			isa = XCBuildConfiguration;
			buildSettings = {
				ARCHS = "$(ARCHS_STANDARD_32_64_BIT)";
				GCC_C_LANGUAGE_STANDARD = gnu99;
				GCC_ENABLE_OBJC_GC = required;
				GCC_WARN_ABOUT_RETURN_TYPE = YES;
				GCC_WARN_UNUSED_VARIABLE = YES;
				PREBINDING = NO;
				SDKROOT = macosx10.6;
			};
			name = Release;
		};
		756F9D32110BA73000E6F291 /* Debug */ = {
			isa = XCBuildConfiguration;
			buildSettings = {
				ALWAYS_SEARCH_USER_PATHS = NO;
				COPY_PHASE_STRIP = NO;
				DYLIB_COMPATIBILITY_VERSION = 1;
				DYLIB_CURRENT_VERSION = 1;
				FRAMEWORK_SEARCH_PATHS = (
					"$(inherited)",
					"\"$(SRCROOT)\"",
				);
				FRAMEWORK_VERSION = A;
				GCC_DYNAMIC_NO_PIC = NO;
				GCC_ENABLE_FIX_AND_CONTINUE = YES;
				GCC_MODEL_TUNING = G5;
				GCC_OPTIMIZATION_LEVEL = 0;
				GCC_PRECOMPILE_PREFIX_HEADER = YES;
				GCC_PREFIX_HEADER = "$(SYSTEM_LIBRARY_DIR)/Frameworks/AppKit.framework/Headers/AppKit.h";
				INFOPLIST_FILE = "IngredientsKit-Info.plist";
				INSTALL_PATH = "$(HOME)/Library/Frameworks";
				OTHER_LDFLAGS = (
					"-framework",
					Foundation,
					"-framework",
					AppKit,
				);
				PREBINDING = NO;
				PRODUCT_NAME = IngredientsKit;
			};
			name = Debug;
		};
		756F9D33110BA73000E6F291 /* Release */ = {
			isa = XCBuildConfiguration;
			buildSettings = {
				ALWAYS_SEARCH_USER_PATHS = NO;
				COPY_PHASE_STRIP = YES;
				DEBUG_INFORMATION_FORMAT = "dwarf-with-dsym";
				DYLIB_COMPATIBILITY_VERSION = 1;
				DYLIB_CURRENT_VERSION = 1;
				FRAMEWORK_SEARCH_PATHS = (
					"$(inherited)",
					"\"$(SRCROOT)\"",
				);
				FRAMEWORK_VERSION = A;
				GCC_ENABLE_FIX_AND_CONTINUE = NO;
				GCC_MODEL_TUNING = G5;
				GCC_PRECOMPILE_PREFIX_HEADER = YES;
				GCC_PREFIX_HEADER = "$(SYSTEM_LIBRARY_DIR)/Frameworks/AppKit.framework/Headers/AppKit.h";
				INFOPLIST_FILE = "IngredientsKit-Info.plist";
				INSTALL_PATH = "$(HOME)/Library/Frameworks";
				OTHER_LDFLAGS = (
					"-framework",
					Foundation,
					"-framework",
					AppKit,
				);
				PREBINDING = NO;
				PRODUCT_NAME = IngredientsKit;
				ZERO_LINK = NO;
			};
			name = Release;
		};
/* End XCBuildConfiguration section */

/* Begin XCConfigurationList section */
		26FC0A840875C7B200E6366F /* Build configuration list for PBXNativeTarget "Ingredients" */ = {
			isa = XCConfigurationList;
			buildConfigurations = (
				26FC0A850875C7B200E6366F /* Debug */,
				26FC0A860875C7B200E6366F /* Release */,
			);
			defaultConfigurationIsVisible = 0;
			defaultConfigurationName = Release;
		};
		26FC0A880875C7B200E6366F /* Build configuration list for PBXProject "Ingredients" */ = {
			isa = XCConfigurationList;
			buildConfigurations = (
				26FC0A890875C7B200E6366F /* Debug */,
				26FC0A8A0875C7B200E6366F /* Release */,
			);
			defaultConfigurationIsVisible = 0;
			defaultConfigurationName = Release;
		};
		756F9D34110BA73000E6F291 /* Build configuration list for PBXNativeTarget "IngredientsKit" */ = {
			isa = XCConfigurationList;
			buildConfigurations = (
				756F9D32110BA73000E6F291 /* Debug */,
				756F9D33110BA73000E6F291 /* Release */,
			);
			defaultConfigurationIsVisible = 0;
			defaultConfigurationName = Release;
		};
/* End XCConfigurationList section */
	};
	rootObject = 29B97313FDCFA39411CA2CEA /* Project object */;
}
